// !$*UTF8*$!
{
	archiveVersion = 1;
	classes = {
	};
	objectVersion = 77;
	objects = {

/* Begin PBXBuildFile section */
		9A09CD702FB3213D00E22155 /* AppKit.framework in Frameworks */ = {isa = PBXBuildFile; fileRef = 9A09CD6F2FB3213D00E22155 /* AppKit.framework */; };
		9A09CD752FB332B700E22155 /* core_graphics.h in Headers */ = {isa = PBXBuildFile; fileRef = 9A09CD742FB332B300E22155 /* core_graphics.h */; };
		9A09CD772FB3334B00E22155 /* core_graphics.cpp in Sources */ = {isa = PBXBuildFile; fileRef = 9A09CD762FB3334A00E22155 /* core_graphics.cpp */; };
		9A09CD982FB349AF00E22155 /* cg_context.h in Headers */ = {isa = PBXBuildFile; fileRef = 9A09CD972FB349A900E22155 /* cg_context.h */; };
		9A09CD9C2FB349CB00E22155 /* cg_context.cpp in Sources */ = {isa = PBXBuildFile; fileRef = 9A09CD9B2FB349C400E22155 /* cg_context.cpp */; };
		9A09CD9E2FB349E900E22155 /* cg_context.mm in Sources */ = {isa = PBXBuildFile; fileRef = 9A09CD9D2FB349E500E22155 /* cg_context.mm */; };
		9A09CDA62FB35E4400E22155 /* cg_color.h in Headers */ = {isa = PBXBuildFile; fileRef = 9A09CDA52FB35E4000E22155 /* cg_color.h */; };
		9A09CDA82FB35E4F00E22155 /* cg_color.cpp in Sources */ = {isa = PBXBuildFile; fileRef = 9A09CDA72FB35E4E00E22155 /* cg_color.cpp */; };
		9A09CDAA2FB35E6100E22155 /* cg_color.mm in Sources */ = {isa = PBXBuildFile; fileRef = 9A09CDA92FB35E5A00E22155 /* cg_color.mm */; };
		9A09CDAC2FB36E2E00E22155 /* _struct.h in Headers */ = {isa = PBXBuildFile; fileRef = 9A09CDAB2FB36E2500E22155 /* _struct.h */; };
		9A09CDAE2FB36F0000E22155 /* _mm.h in Headers */ = {isa = PBXBuildFile; fileRef = 9A09CDAD2FB36EFD00E22155 /* _mm.h */; };
		9A09CDB02FB37BCF00E22155 /* cg_font.h in Headers */ = {isa = PBXBuildFile; fileRef = 9A09CDAF2FB37BC800E22155 /* cg_font.h */; };
		9A09CDB22FB37BD400E22155 /* cg_font.cpp in Sources */ = {isa = PBXBuildFile; fileRef = 9A09CDB12FB37BD200E22155 /* cg_font.cpp */; };
		9A09CDB42FB37BE000E22155 /* cg_font.mm in Sources */ = {isa = PBXBuildFile; fileRef = 9A09CDB32FB37BD800E22155 /* cg_font.mm */; };
		9A0B954F2FB30C0400EEAAE1 /* _.cpp in Sources */ = {isa = PBXBuildFile; fileRef = 9A0B954B2FB30C0400EEAAE1 /* _.cpp */; };
		9A0B95502FB30C0400EEAAE1 /* framework.cpp in Sources */ = {isa = PBXBuildFile; fileRef = 9A0B954E2FB30C0400EEAAE1 /* framework.cpp */; };
		9A0B95512FB30C0400EEAAE1 /* _factory.cpp in Sources */ = {isa = PBXBuildFile; fileRef = 9A0B954C2FB30C0400EEAAE1 /* _factory.cpp */; };
		9A0B95522FB30C0400EEAAE1 /* framework.h in Headers */ = {isa = PBXBuildFile; fileRef = 9A0B954D2FB30C0400EEAAE1 /* framework.h */; };
		9A0B95532FB30C0400EEAAE1 /* _.h in Headers */ = {isa = PBXBuildFile; fileRef = 9A0B954A2FB30C0400EEAAE1 /* _.h */; };
		9A0B95552FB30C1D00EEAAE1 /* cg_image.cpp in Sources */ = {isa = PBXBuildFile; fileRef = 9A0B95542FB30C1A00EEAAE1 /* cg_image.cpp */; };
		9A0B95572FB30C2900EEAAE1 /* cg_image.mm in Sources */ = {isa = PBXBuildFile; fileRef = 9A0B95562FB30C2200EEAAE1 /* cg_image.mm */; };
		9A13BC962FB320CD007F4EFA /* libacme.dylib in Frameworks */ = {isa = PBXBuildFile; fileRef = 9A13BC952FB320CD007F4EFA /* libacme.dylib */; };
		9A50C06A2FD36B43003AF0A5 /* cg_path.h in Headers */ = {isa = PBXBuildFile; fileRef = 9A50C0682FD36B43003AF0A5 /* cg_path.h */; };
		9A50C06B2FD36B43003AF0A5 /* cg_path.cpp in Sources */ = {isa = PBXBuildFile; fileRef = 9A50C0692FD36B43003AF0A5 /* cg_path.cpp */; };
		9A50C0752FD36D23003AF0A5 /* cg_affine_transform.h in Headers */ = {isa = PBXBuildFile; fileRef = 9A50C0742FD36D19003AF0A5 /* cg_affine_transform.h */; };
		9A50C0772FD36D34003AF0A5 /* cg_affine_transform.cpp in Sources */ = {isa = PBXBuildFile; fileRef = 9A50C0762FD36D31003AF0A5 /* cg_affine_transform.cpp */; };
		9A50C0792FD36DB2003AF0A5 /* _internal.h in Headers */ = {isa = PBXBuildFile; fileRef = 9A50C0782FD36DAE003AF0A5 /* _internal.h */; };
		9A50C0832FD394D9003AF0A5 /* ct_line.h in Headers */ = {isa = PBXBuildFile; fileRef = 9A50C0822FD394D5003AF0A5 /* ct_line.h */; };
		9A50C0852FD394E0003AF0A5 /* ct_line.cpp in Sources */ = {isa = PBXBuildFile; fileRef = 9A50C0842FD394DE003AF0A5 /* ct_line.cpp */; };
		9AC722DA2FD39D6400F3C118 /* cg_path.mm in Sources */ = {isa = PBXBuildFile; fileRef = 9AC722D92FD39D5E00F3C118 /* cg_path.mm */; };
		9AC722DC2FD3A3CD00F3C118 /* ct_line.mm in Sources */ = {isa = PBXBuildFile; fileRef = 9AC722DB2FD3A3C800F3C118 /* ct_line.mm */; };
		9AC722DE2FD3B68900F3C118 /* ct_font.h in Headers */ = {isa = PBXBuildFile; fileRef = 9AC722DD2FD3B68500F3C118 /* ct_font.h */; };
		9AC722E02FD3B69000F3C118 /* ct_font.cpp in Sources */ = {isa = PBXBuildFile; fileRef = 9AC722DF2FD3B68D00F3C118 /* ct_font.cpp */; };
		9AC722E32FD3B6B200F3C118 /* ct_font.mm in Sources */ = {isa = PBXBuildFile; fileRef = 9AC722E22FD3B6AE00F3C118 /* ct_font.mm */; };
		9AF57E712FD3E38D00728206 /* libcore_foundation.dylib in Frameworks */ = {isa = PBXBuildFile; fileRef = 9AF57E702FD3E38D00728206 /* libcore_foundation.dylib */; };
/* End PBXBuildFile section */

/* Begin PBXContainerItemProxy section */
		9AC722AD2FD397F900F3C118 /* PBXContainerItemProxy */ = {
			isa = PBXContainerItemProxy;
			containerPortal = 9A50C0962FD397C3003AF0A5 /* core_foundation.xcodeproj */;
			proxyType = 1;
			remoteGlobalIDString = 9A50C08E2FD39772003AF0A5;
			remoteInfo = core_foundation;
		};
		9AF57E6F2FD3E38D00728206 /* PBXContainerItemProxy */ = {
			isa = PBXContainerItemProxy;
			containerPortal = 9A50C0962FD397C3003AF0A5 /* core_foundation.xcodeproj */;
			proxyType = 2;
			remoteGlobalIDString = 9A50C08F2FD39772003AF0A5;
			remoteInfo = core_foundation;
		};
/* End PBXContainerItemProxy section */

/* Begin PBXFileReference section */
		9A09CD6F2FB3213D00E22155 /* AppKit.framework */ = {isa = PBXFileReference; lastKnownFileType = wrapper.framework; name = AppKit.framework; path = System/Library/Frameworks/AppKit.framework; sourceTree = SDKROOT; };
		9A09CD742FB332B300E22155 /* core_graphics.h */ = {isa = PBXFileReference; lastKnownFileType = sourcecode.c.h; path = core_graphics.h; sourceTree = "<group>"; };
		9A09CD762FB3334A00E22155 /* core_graphics.cpp */ = {isa = PBXFileReference; lastKnownFileType = sourcecode.cpp.cpp; path = core_graphics.cpp; sourceTree = "<group>"; };
		9A09CD972FB349A900E22155 /* cg_context.h */ = {isa = PBXFileReference; lastKnownFileType = sourcecode.c.h; path = cg_context.h; sourceTree = "<group>"; };
		9A09CD9B2FB349C400E22155 /* cg_context.cpp */ = {isa = PBXFileReference; lastKnownFileType = sourcecode.cpp.cpp; path = cg_context.cpp; sourceTree = "<group>"; };
		9A09CD9D2FB349E500E22155 /* cg_context.mm */ = {isa = PBXFileReference; lastKnownFileType = sourcecode.cpp.objcpp; path = cg_context.mm; sourceTree = "<group>"; };
		9A09CDA52FB35E4000E22155 /* cg_color.h */ = {isa = PBXFileReference; lastKnownFileType = sourcecode.c.h; path = cg_color.h; sourceTree = "<group>"; };
		9A09CDA72FB35E4E00E22155 /* cg_color.cpp */ = {isa = PBXFileReference; lastKnownFileType = sourcecode.cpp.cpp; path = cg_color.cpp; sourceTree = "<group>"; };
		9A09CDA92FB35E5A00E22155 /* cg_color.mm */ = {isa = PBXFileReference; lastKnownFileType = sourcecode.cpp.objcpp; path = cg_color.mm; sourceTree = "<group>"; };
		9A09CDAB2FB36E2500E22155 /* _struct.h */ = {isa = PBXFileReference; lastKnownFileType = sourcecode.c.h; path = _struct.h; sourceTree = "<group>"; };
		9A09CDAD2FB36EFD00E22155 /* _mm.h */ = {isa = PBXFileReference; lastKnownFileType = sourcecode.c.h; path = _mm.h; sourceTree = "<group>"; };
		9A09CDAF2FB37BC800E22155 /* cg_font.h */ = {isa = PBXFileReference; lastKnownFileType = sourcecode.c.h; path = cg_font.h; sourceTree = "<group>"; };
		9A09CDB12FB37BD200E22155 /* cg_font.cpp */ = {isa = PBXFileReference; lastKnownFileType = sourcecode.cpp.cpp; path = cg_font.cpp; sourceTree = "<group>"; };
		9A09CDB32FB37BD800E22155 /* cg_font.mm */ = {isa = PBXFileReference; lastKnownFileType = sourcecode.cpp.objcpp; path = cg_font.mm; sourceTree = "<group>"; };
		9A09CDB52FB37ED800E22155 /* aaa_cf_string.h */ = {isa = PBXFileReference; lastKnownFileType = sourcecode.c.h; path = aaa_cf_string.h; sourceTree = "<group>"; };
		9A09CDB72FB37EDE00E22155 /* aaa_cf_string.cpp */ = {isa = PBXFileReference; lastKnownFileType = sourcecode.cpp.cpp; path = aaa_cf_string.cpp; sourceTree = "<group>"; };
		9A09CDB92FB37EE400E22155 /* aaa_cf_string.mm */ = {isa = PBXFileReference; lastKnownFileType = sourcecode.cpp.objcpp; path = aaa_cf_string.mm; sourceTree = "<group>"; };
		9A0B95392FB30B3000EEAAE1 /* libcore_graphics.dylib */ = {isa = PBXFileReference; explicitFileType = "compiled.mach-o.dylib"; includeInIndex = 0; path = libcore_graphics.dylib; sourceTree = BUILT_PRODUCTS_DIR; };
		9A0B95492FB30BDC00EEAAE1 /* cg_image.h */ = {isa = PBXFileReference; lastKnownFileType = sourcecode.c.h; path = cg_image.h; sourceTree = "<group>"; };
		9A0B954A2FB30C0400EEAAE1 /* _.h */ = {isa = PBXFileReference; lastKnownFileType = sourcecode.c.h; path = _.h; sourceTree = "<group>"; };
		9A0B954B2FB30C0400EEAAE1 /* _.cpp */ = {isa = PBXFileReference; lastKnownFileType = sourcecode.cpp.cpp; path = _.cpp; sourceTree = "<group>"; };
		9A0B954C2FB30C0400EEAAE1 /* _factory.cpp */ = {isa = PBXFileReference; lastKnownFileType = sourcecode.cpp.cpp; path = _factory.cpp; sourceTree = "<group>"; };
		9A0B954D2FB30C0400EEAAE1 /* framework.h */ = {isa = PBXFileReference; lastKnownFileType = sourcecode.c.h; path = framework.h; sourceTree = "<group>"; };
		9A0B954E2FB30C0400EEAAE1 /* framework.cpp */ = {isa = PBXFileReference; lastKnownFileType = sourcecode.cpp.cpp; path = framework.cpp; sourceTree = "<group>"; };
		9A0B95542FB30C1A00EEAAE1 /* cg_image.cpp */ = {isa = PBXFileReference; lastKnownFileType = sourcecode.cpp.cpp; path = cg_image.cpp; sourceTree = "<group>"; };
		9A0B95562FB30C2200EEAAE1 /* cg_image.mm */ = {isa = PBXFileReference; lastKnownFileType = sourcecode.cpp.objcpp; path = cg_image.mm; sourceTree = "<group>"; };
		9A13BC952FB320CD007F4EFA /* libacme.dylib */ = {isa = PBXFileReference; explicitFileType = "compiled.mach-o.dylib"; path = libacme.dylib; sourceTree = BUILT_PRODUCTS_DIR; };
		9A50C0682FD36B43003AF0A5 /* cg_path.h */ = {isa = PBXFileReference; lastKnownFileType = sourcecode.c.h; path = cg_path.h; sourceTree = "<group>"; };
		9A50C0692FD36B43003AF0A5 /* cg_path.cpp */ = {isa = PBXFileReference; lastKnownFileType = sourcecode.cpp.cpp; path = cg_path.cpp; sourceTree = "<group>"; };
		9A50C0742FD36D19003AF0A5 /* cg_affine_transform.h */ = {isa = PBXFileReference; lastKnownFileType = sourcecode.c.h; path = cg_affine_transform.h; sourceTree = "<group>"; };
		9A50C0762FD36D31003AF0A5 /* cg_affine_transform.cpp */ = {isa = PBXFileReference; lastKnownFileType = sourcecode.cpp.cpp; path = cg_affine_transform.cpp; sourceTree = "<group>"; };
		9A50C0782FD36DAE003AF0A5 /* _internal.h */ = {isa = PBXFileReference; lastKnownFileType = sourcecode.c.h; path = _internal.h; sourceTree = "<group>"; };
		9A50C0822FD394D5003AF0A5 /* ct_line.h */ = {isa = PBXFileReference; lastKnownFileType = sourcecode.c.h; path = ct_line.h; sourceTree = "<group>"; };
		9A50C0842FD394DE003AF0A5 /* ct_line.cpp */ = {isa = PBXFileReference; lastKnownFileType = sourcecode.cpp.cpp; path = ct_line.cpp; sourceTree = "<group>"; };
		9A50C0962FD397C3003AF0A5 /* core_foundation.xcodeproj */ = {isa = PBXFileReference; lastKnownFileType = "wrapper.pb-project"; name = core_foundation.xcodeproj; path = ../core_foundation/core_foundation.xcodeproj; sourceTree = SOURCE_ROOT; };
		9A6A2C122FB3E276004C0ACF /* _____debug.xcconfig */ = {isa = PBXFileReference; lastKnownFileType = text.xcconfig; path = "_____debug.xcconfig"; sourceTree = "<group>"; };
		9A6A2C132FB3E276004C0ACF /* _____release.xcconfig */ = {isa = PBXFileReference; lastKnownFileType = text.xcconfig; path = "_____release.xcconfig"; sourceTree = "<group>"; };
		9A8536972FB5669600267545 /* aaa_cg_dib.h */ = {isa = PBXFileReference; lastKnownFileType = sourcecode.c.h; path = aaa_cg_dib.h; sourceTree = "<group>"; };
		9A8536A12FB566B900267545 /* aaa_cg_dib.cpp */ = {isa = PBXFileReference; lastKnownFileType = sourcecode.cpp.cpp; path = aaa_cg_dib.cpp; sourceTree = "<group>"; };
		9A8536A32FB566CB00267545 /* aaa_cg_dib.mm */ = {isa = PBXFileReference; lastKnownFileType = sourcecode.cpp.objcpp; path = aaa_cg_dib.mm; sourceTree = "<group>"; };
		9AC722D92FD39D5E00F3C118 /* cg_path.mm */ = {isa = PBXFileReference; lastKnownFileType = sourcecode.cpp.objcpp; path = cg_path.mm; sourceTree = "<group>"; };
		9AC722DB2FD3A3C800F3C118 /* ct_line.mm */ = {isa = PBXFileReference; lastKnownFileType = sourcecode.cpp.objcpp; path = ct_line.mm; sourceTree = "<group>"; };
		9AC722DD2FD3B68500F3C118 /* ct_font.h */ = {isa = PBXFileReference; lastKnownFileType = sourcecode.c.h; path = ct_font.h; sourceTree = "<group>"; };
		9AC722DF2FD3B68D00F3C118 /* ct_font.cpp */ = {isa = PBXFileReference; lastKnownFileType = sourcecode.cpp.cpp; path = ct_font.cpp; sourceTree = "<group>"; };
		9AC722E22FD3B6AE00F3C118 /* ct_font.mm */ = {isa = PBXFileReference; lastKnownFileType = sourcecode.cpp.objcpp; path = ct_font.mm; sourceTree = "<group>"; };
/* End PBXFileReference section */

/* Begin PBXFrameworksBuildPhase section */
		9A0B95372FB30B3000EEAAE1 /* Frameworks */ = {
			isa = PBXFrameworksBuildPhase;
			buildActionMask = 2147483647;
			files = (
				9AF57E712FD3E38D00728206 /* libcore_foundation.dylib in Frameworks */,
				9A09CD702FB3213D00E22155 /* AppKit.framework in Frameworks */,
				9A13BC962FB320CD007F4EFA /* libacme.dylib in Frameworks */,
			);
			runOnlyForDeploymentPostprocessing = 0;
		};
/* End PBXFrameworksBuildPhase section */

/* Begin PBXGroup section */
		9A0B95302FB30B3000EEAAE1 = {
			isa = PBXGroup;
			children = (
				9A50C0962FD397C3003AF0A5 /* core_foundation.xcodeproj */,
				9A0B95482FB30BC100EEAAE1 /* core_graphics */,
				9A13BC942FB320CD007F4EFA /* Frameworks */,
				9A0B953A2FB30B3000EEAAE1 /* Products */,
			);
			sourceTree = "<group>";
		};
		9A0B953A2FB30B3000EEAAE1 /* Products */ = {
			isa = PBXGroup;
			children = (
				9A0B95392FB30B3000EEAAE1 /* libcore_graphics.dylib */,
			);
			name = Products;
			sourceTree = "<group>";
		};
		9A0B95482FB30BC100EEAAE1 /* core_graphics */ = {
			isa = PBXGroup;
			children = (
				9A0B954A2FB30C0400EEAAE1 /* _.h */,
				9A0B954B2FB30C0400EEAAE1 /* _.cpp */,
				9A6A2C122FB3E276004C0ACF /* _____debug.xcconfig */,
				9A6A2C132FB3E276004C0ACF /* _____release.xcconfig */,
				9A0B954C2FB30C0400EEAAE1 /* _factory.cpp */,
				9A50C0782FD36DAE003AF0A5 /* _internal.h */,
				9A09CDAD2FB36EFD00E22155 /* _mm.h */,
				9A09CDAB2FB36E2500E22155 /* _struct.h */,
				9A09CDB52FB37ED800E22155 /* aaa_cf_string.h */,
				9A09CDB72FB37EDE00E22155 /* aaa_cf_string.cpp */,
				9A09CDB92FB37EE400E22155 /* aaa_cf_string.mm */,
				9A50C0742FD36D19003AF0A5 /* cg_affine_transform.h */,
				9A50C0762FD36D31003AF0A5 /* cg_affine_transform.cpp */,
				9A09CDA52FB35E4000E22155 /* cg_color.h */,
				9A09CDA72FB35E4E00E22155 /* cg_color.cpp */,
				9A09CDA92FB35E5A00E22155 /* cg_color.mm */,
				9A09CD972FB349A900E22155 /* cg_context.h */,
				9A09CD9B2FB349C400E22155 /* cg_context.cpp */,
				9A09CD9D2FB349E500E22155 /* cg_context.mm */,
				9A8536972FB5669600267545 /* aaa_cg_dib.h */,
				9A8536A12FB566B900267545 /* aaa_cg_dib.cpp */,
				9A8536A32FB566CB00267545 /* aaa_cg_dib.mm */,
				9A09CDAF2FB37BC800E22155 /* cg_font.h */,
				9A09CDB12FB37BD200E22155 /* cg_font.cpp */,
				9A09CDB32FB37BD800E22155 /* cg_font.mm */,
				9A0B95492FB30BDC00EEAAE1 /* cg_image.h */,
				9A0B95542FB30C1A00EEAAE1 /* cg_image.cpp */,
				9A0B95562FB30C2200EEAAE1 /* cg_image.mm */,
				9A50C0682FD36B43003AF0A5 /* cg_path.h */,
				9A50C0692FD36B43003AF0A5 /* cg_path.cpp */,
				9AC722D92FD39D5E00F3C118 /* cg_path.mm */,
				9A09CD742FB332B300E22155 /* core_graphics.h */,
				9A09CD762FB3334A00E22155 /* core_graphics.cpp */,
				9AC722DD2FD3B68500F3C118 /* ct_font.h */,
				9AC722DF2FD3B68D00F3C118 /* ct_font.cpp */,
				9AC722E22FD3B6AE00F3C118 /* ct_font.mm */,
				9A50C0822FD394D5003AF0A5 /* ct_line.h */,
				9A50C0842FD394DE003AF0A5 /* ct_line.cpp */,
				9AC722DB2FD3A3C800F3C118 /* ct_line.mm */,
				9A0B954D2FB30C0400EEAAE1 /* framework.h */,
				9A0B954E2FB30C0400EEAAE1 /* framework.cpp */,
			);
			name = core_graphics;
			sourceTree = "<group>";
		};
		9A13BC942FB320CD007F4EFA /* Frameworks */ = {
			isa = PBXGroup;
			children = (
				9A09CD6F2FB3213D00E22155 /* AppKit.framework */,
				9A13BC952FB320CD007F4EFA /* libacme.dylib */,
			);
			name = Frameworks;
			sourceTree = "<group>";
		};
		9A50C0992FD397C3003AF0A5 /* Products */ = {
			isa = PBXGroup;
			children = (
				9AF57E702FD3E38D00728206 /* libcore_foundation.dylib */,
			);
			name = Products;
			sourceTree = "<group>";
		};
/* End PBXGroup section */

/* Begin PBXHeadersBuildPhase section */
		9A0B95352FB30B3000EEAAE1 /* Headers */ = {
			isa = PBXHeadersBuildPhase;
			buildActionMask = 2147483647;
			files = (
				9A09CD982FB349AF00E22155 /* cg_context.h in Headers */,
				9A0B95522FB30C0400EEAAE1 /* framework.h in Headers */,
				9A50C06A2FD36B43003AF0A5 /* cg_path.h in Headers */,
				9A09CDAE2FB36F0000E22155 /* _mm.h in Headers */,
				9A50C0752FD36D23003AF0A5 /* cg_affine_transform.h in Headers */,
				9A0B95532FB30C0400EEAAE1 /* _.h in Headers */,
				9A50C0832FD394D9003AF0A5 /* ct_line.h in Headers */,
				9A09CDB02FB37BCF00E22155 /* cg_font.h in Headers */,
				9A09CDAC2FB36E2E00E22155 /* _struct.h in Headers */,
				9A09CDA62FB35E4400E22155 /* cg_color.h in Headers */,
				9A50C0792FD36DB2003AF0A5 /* _internal.h in Headers */,
				9AC722DE2FD3B68900F3C118 /* ct_font.h in Headers */,
				9A09CD752FB332B700E22155 /* core_graphics.h in Headers */,
			);
			runOnlyForDeploymentPostprocessing = 0;
		};
/* End PBXHeadersBuildPhase section */

/* Begin PBXNativeTarget section */
		9A0B95382FB30B3000EEAAE1 /* core_graphics */ = {
			isa = PBXNativeTarget;
			buildConfigurationList = 9A0B953D2FB30B3000EEAAE1 /* Build configuration list for PBXNativeTarget "core_graphics" */;
			buildPhases = (
				9A0B95352FB30B3000EEAAE1 /* Headers */,
				9A0B95362FB30B3000EEAAE1 /* Sources */,
				9A0B95372FB30B3000EEAAE1 /* Frameworks */,
			);
			buildRules = (
			);
			dependencies = (
				9AC722AE2FD397F900F3C118 /* PBXTargetDependency */,
			);
			name = core_graphics;
			packageProductDependencies = (
			);
			productName = core_graphics;
			productReference = 9A0B95392FB30B3000EEAAE1 /* libcore_graphics.dylib */;
			productType = "com.apple.product-type.library.dynamic";
		};
/* End PBXNativeTarget section */

/* Begin PBXProject section */
		9A0B95312FB30B3000EEAAE1 /* Project object */ = {
			isa = PBXProject;
			attributes = {
				BuildIndependentTargetsInParallel = 1;
				LastUpgradeCheck = 2640;
				TargetAttributes = {
					9A0B95382FB30B3000EEAAE1 = {
						CreatedOnToolsVersion = 26.4.1;
					};
				};
			};
			buildConfigurationList = 9A0B95342FB30B3000EEAAE1 /* Build configuration list for PBXProject "core_graphics" */;
			developmentRegion = en;
			hasScannedForEncodings = 0;
			knownRegions = (
				en,
				Base,
			);
			mainGroup = 9A0B95302FB30B3000EEAAE1;
			minimizedProjectReferenceProxies = 1;
			preferredProjectObjectVersion = 77;
			productRefGroup = 9A0B953A2FB30B3000EEAAE1 /* Products */;
			projectDirPath = "";
			projectReferences = (
				{
					ProductGroup = 9A50C0992FD397C3003AF0A5 /* Products */;
					ProjectRef = 9A50C0962FD397C3003AF0A5 /* core_foundation.xcodeproj */;
				},
			);
			projectRoot = "";
			targets = (
				9A0B95382FB30B3000EEAAE1 /* core_graphics */,
			);
		};
/* End PBXProject section */

/* Begin PBXReferenceProxy section */
		9AF57E702FD3E38D00728206 /* libcore_foundation.dylib */ = {
			isa = PBXReferenceProxy;
			fileType = "compiled.mach-o.dylib";
			path = libcore_foundation.dylib;
			remoteRef = 9AF57E6F2FD3E38D00728206 /* PBXContainerItemProxy */;
			sourceTree = BUILT_PRODUCTS_DIR;
		};
/* End PBXReferenceProxy section */

/* Begin PBXSourcesBuildPhase section */
		9A0B95362FB30B3000EEAAE1 /* Sources */ = {
			isa = PBXSourcesBuildPhase;
			buildActionMask = 2147483647;
			files = (
				9A0B954F2FB30C0400EEAAE1 /* _.cpp in Sources */,
				9A09CD9C2FB349CB00E22155 /* cg_context.cpp in Sources */,
				9A09CD772FB3334B00E22155 /* core_graphics.cpp in Sources */,
				9A09CD9E2FB349E900E22155 /* cg_context.mm in Sources */,
				9A50C0852FD394E0003AF0A5 /* ct_line.cpp in Sources */,
				9A09CDA82FB35E4F00E22155 /* cg_color.cpp in Sources */,
				9A0B95502FB30C0400EEAAE1 /* framework.cpp in Sources */,
				9AC722E32FD3B6B200F3C118 /* ct_font.mm in Sources */,
				9A0B95512FB30C0400EEAAE1 /* _factory.cpp in Sources */,
				9A50C0772FD36D34003AF0A5 /* cg_affine_transform.cpp in Sources */,
				9A09CDB22FB37BD400E22155 /* cg_font.cpp in Sources */,
				9AC722DC2FD3A3CD00F3C118 /* ct_line.mm in Sources */,
				9A09CDAA2FB35E6100E22155 /* cg_color.mm in Sources */,
				9A0B95572FB30C2900EEAAE1 /* cg_image.mm in Sources */,
				9A50C06B2FD36B43003AF0A5 /* cg_path.cpp in Sources */,
				9AC722DA2FD39D6400F3C118 /* cg_path.mm in Sources */,
				9AC722E02FD3B69000F3C118 /* ct_font.cpp in Sources */,
				9A0B95552FB30C1D00EEAAE1 /* cg_image.cpp in Sources */,
				9A09CDB42FB37BE000E22155 /* cg_font.mm in Sources */,
			);
			runOnlyForDeploymentPostprocessing = 0;
		};
/* End PBXSourcesBuildPhase section */

/* Begin PBXTargetDependency section */
		9AC722AE2FD397F900F3C118 /* PBXTargetDependency */ = {
			isa = PBXTargetDependency;
			name = core_foundation;
			targetProxy = 9AC722AD2FD397F900F3C118 /* PBXContainerItemProxy */;
		};
/* End PBXTargetDependency section */

/* Begin XCBuildConfiguration section */
		9A0B953B2FB30B3000EEAAE1 /* Debug */ = {
			isa = XCBuildConfiguration;
			baseConfigurationReference = 9A6A2C122FB3E276004C0ACF /* _____debug.xcconfig */;
			buildSettings = {
				ALWAYS_SEARCH_USER_PATHS = NO;
				BUILD_LIBRARY_FOR_DISTRIBUTION = YES;
				CLANG_ANALYZER_GCD = YES;
				CLANG_ANALYZER_LOCALIZABILITY_NONLOCALIZED = YES;
				CLANG_ANALYZER_MEMORY_MANAGEMENT = YES;
				CLANG_ANALYZER_NONNULL = YES;
				CLANG_ANALYZER_NUMBER_OBJECT_CONVERSION = YES_AGGRESSIVE;
				CLANG_CXX_LANGUAGE_STANDARD = "c++20";
				CLANG_CXX_LIBRARY = "libc++";
				CLANG_ENABLE_CPP_STATIC_DESTRUCTORS = YES;
				CLANG_ENABLE_MODULES = NO;
				CLANG_ENABLE_OBJC_ARC = YES;
				CLANG_ENABLE_OBJC_WEAK = YES;
				CLANG_STATIC_ANALYZER_MODE = deep;
				CLANG_STATIC_ANALYZER_MODE_ON_ANALYZE_ACTION = deep;
				CLANG_WARN_BLOCK_CAPTURE_AUTORELEASING = YES;
				CLANG_WARN_BOOL_CONVERSION = NO;
				CLANG_WARN_COMMA = YES;
				CLANG_WARN_CONSTANT_CONVERSION = NO;
				CLANG_WARN_DEPRECATED_OBJC_IMPLEMENTATIONS = YES;
				CLANG_WARN_DIRECT_OBJC_ISA_USAGE = YES;
				CLANG_WARN_DOCUMENTATION_COMMENTS = YES;
				CLANG_WARN_EMPTY_BODY = NO;
				CLANG_WARN_ENUM_CONVERSION = NO;
				CLANG_WARN_INFINITE_RECURSION = YES;
				CLANG_WARN_INT_CONVERSION = NO;
				CLANG_WARN_NON_LITERAL_NULL_CONVERSION = YES;
				CLANG_WARN_OBJC_IMPLICIT_RETAIN_SELF = YES;
				CLANG_WARN_OBJC_LITERAL_CONVERSION = YES;
				CLANG_WARN_OBJC_ROOT_CLASS = YES_ERROR;
				CLANG_WARN_PRAGMA_PACK = NO;
				CLANG_WARN_QUOTED_INCLUDE_IN_FRAMEWORK_HEADER = YES;
				CLANG_WARN_RANGE_LOOP_ANALYSIS = YES;
				CLANG_WARN_STRICT_PROTOTYPES = YES;
				CLANG_WARN_SUSPICIOUS_MOVE = YES;
				CLANG_WARN_UNGUARDED_AVAILABILITY = YES_AGGRESSIVE;
				CLANG_WARN_UNREACHABLE_CODE = YES;
				CLANG_WARN__DUPLICATE_METHOD_MATCH = NO;
				COPY_PHASE_STRIP = NO;
				DEAD_CODE_STRIPPING = NO;
				DEBUG_INFORMATION_FORMAT = "dwarf-with-dsym";
				DEPLOYMENT_POSTPROCESSING = YES;
				DEVELOPMENT_TEAM = HS8735NRM5;
				ENABLE_STRICT_OBJC_MSGSEND = YES;
				ENABLE_TESTABILITY = YES;
				ENABLE_USER_SCRIPT_SANDBOXING = YES;
				EXCLUDED_ARCHS = "";
				EXECUTABLE_PREFIX = lib;
				FRAMEWORK_SEARCH_PATHS = (
					"$(inherited)",
					"$(DEVELOPER_FRAMEWORKS_DIR)",
					"$(WorkspaceDir)/../operating_system/storage-$(PLATFORM_MODIFIER)/$(CONFIGURATION)/framework",
				);
				GCC_C_LANGUAGE_STANDARD = c11;
				GCC_DYNAMIC_NO_PIC = NO;
				GCC_ENABLE_CPP_EXCEPTIONS = YES;
				GCC_ENABLE_CPP_RTTI = YES;
				GCC_GENERATE_DEBUGGING_SYMBOLS = YES;
				GCC_INCREASE_PRECOMPILED_HEADER_SHARING = NO;
				GCC_NO_COMMON_BLOCKS = YES;
				GCC_OPTIMIZATION_LEVEL = 0;
				GCC_PRECOMPILE_PREFIX_HEADER = YES;
				GCC_PREFIX_HEADER = framework.h;
				GCC_REUSE_STRINGS = YES;
				GCC_SYMBOLS_PRIVATE_EXTERN = NO;
				GCC_VERSION = "";
				GCC_WARN_64_TO_32_BIT_CONVERSION = NO;
				"GCC_WARN_64_TO_32_BIT_CONVERSION[arch=*64]" = YES;
				GCC_WARN_ABOUT_DEPRECATED_FUNCTIONS = NO;
				GCC_WARN_ABOUT_POINTER_SIGNEDNESS = YES;
				GCC_WARN_ABOUT_RETURN_TYPE = NO;
				GCC_WARN_UNDECLARED_SELECTOR = NO;
				GCC_WARN_UNINITIALIZED_AUTOS = NO;
				GCC_WARN_UNUSED_FUNCTION = NO;
				GCC_WARN_UNUSED_VARIABLE = NO;
				HEADER_SEARCH_PATHS = "";
				LD_RUNPATH_SEARCH_PATHS = (
					"@executable_path",
					"@loader_path",
				);
				LIBRARY_SEARCH_PATHS = (
					"$(inherited)",
					"$(WorkspaceDir)/operating_system",
					"$(WorkspaceDir)/../operating_system/storage-$(PLATFORM_MODIFIER)/$(CONFIGURATION)/library",
				);
				MTL_ENABLE_DEBUG_INFO = INCLUDE_SOURCE;
				MTL_FAST_MATH = YES;
				ONLY_ACTIVE_ARCH = YES;
				OTHER_LDFLAGS = "-all_load";
				PRODUCT_NAME = "$(TARGET_NAME)";
				RUN_CLANG_STATIC_ANALYZER = NO;
				SKIP_INSTALL = YES;
				STRINGS_FILE_OUTPUT_ENCODING = "UTF-8";
				STRIP_INSTALLED_PRODUCT = NO;
				SYSTEM_HEADER_SEARCH_PATHS = (
					"$(WorkspaceDir)/operating_system/operating_system-$(PLATFORM_MODIFIER)/include",
					"$(WorkspaceDir)/operating_system/operating_system-$(PLATFORM_MODIFIER)/configuration",
					"$(WorkspaceDir)/port/include",
					"$(WorkspaceDir)/source/app/include",
				);
				USER_HEADER_SEARCH_PATHS = (
					.,
					"$(WorkspaceDir)/source",
					"$(WorkspaceDir)/source/app",
					"$(WorkspaceDir)/source/app/_include",
					"$(WorkspaceDir)/operating_system",
					"$(WorkspaceDir)/operating_system/operating_system-$(PLATFORM_MODIFIER)",
					"$(WorkspaceDir)/operating_system/operating_system-$(PLATFORM_MODIFIER)/configuration_selection/$(CONFIGURATION)",
					"$(WorkspaceDir)/port/_",
					"$(PROJECT_DIR)",
					"$(PROJECT_DIR)/..",
					"$(PROJECT_DIR)/../..",
					"$(HOME)/sensitive/sensitive/include",
				);
				USE_HEADERMAP = NO;
				VALIDATE_PRODUCT = YES;
				WARNING_CFLAGS = "";
				WorkspaceDir = "$(SRCROOT)/../../..";
			};
			name = Debug;
		};
		9A0B953C2FB30B3000EEAAE1 /* Release */ = {
			isa = XCBuildConfiguration;
			baseConfigurationReference = 9A6A2C132FB3E276004C0ACF /* _____release.xcconfig */;
			buildSettings = {
				ALWAYS_SEARCH_USER_PATHS = NO;
				BUILD_LIBRARY_FOR_DISTRIBUTION = YES;
				CLANG_ANALYZER_GCD = YES;
				CLANG_ANALYZER_LOCALIZABILITY_NONLOCALIZED = YES;
				CLANG_ANALYZER_MEMORY_MANAGEMENT = YES;
				CLANG_ANALYZER_NONNULL = YES;
				CLANG_ANALYZER_NUMBER_OBJECT_CONVERSION = YES_AGGRESSIVE;
				CLANG_CXX_LANGUAGE_STANDARD = "c++20";
				CLANG_CXX_LIBRARY = "libc++";
				CLANG_ENABLE_CPP_STATIC_DESTRUCTORS = YES;
				CLANG_ENABLE_MODULES = NO;
				CLANG_ENABLE_OBJC_ARC = YES;
				CLANG_ENABLE_OBJC_WEAK = YES;
				CLANG_STATIC_ANALYZER_MODE = deep;
				CLANG_STATIC_ANALYZER_MODE_ON_ANALYZE_ACTION = deep;
				CLANG_WARN_BLOCK_CAPTURE_AUTORELEASING = YES;
				CLANG_WARN_BOOL_CONVERSION = NO;
				CLANG_WARN_COMMA = YES;
				CLANG_WARN_CONSTANT_CONVERSION = NO;
				CLANG_WARN_DEPRECATED_OBJC_IMPLEMENTATIONS = YES;
				CLANG_WARN_DIRECT_OBJC_ISA_USAGE = YES;
				CLANG_WARN_DOCUMENTATION_COMMENTS = YES;
				CLANG_WARN_EMPTY_BODY = NO;
				CLANG_WARN_ENUM_CONVERSION = NO;
				CLANG_WARN_INFINITE_RECURSION = YES;
				CLANG_WARN_INT_CONVERSION = NO;
				CLANG_WARN_NON_LITERAL_NULL_CONVERSION = YES;
				CLANG_WARN_OBJC_IMPLICIT_RETAIN_SELF = YES;
				CLANG_WARN_OBJC_LITERAL_CONVERSION = YES;
				CLANG_WARN_OBJC_ROOT_CLASS = YES_ERROR;
				CLANG_WARN_PRAGMA_PACK = NO;
				CLANG_WARN_QUOTED_INCLUDE_IN_FRAMEWORK_HEADER = YES;
				CLANG_WARN_RANGE_LOOP_ANALYSIS = YES;
				CLANG_WARN_STRICT_PROTOTYPES = YES;
				CLANG_WARN_SUSPICIOUS_MOVE = YES;
				CLANG_WARN_UNGUARDED_AVAILABILITY = YES_AGGRESSIVE;
				CLANG_WARN_UNREACHABLE_CODE = YES;
				CLANG_WARN__DUPLICATE_METHOD_MATCH = NO;
				COPY_PHASE_STRIP = NO;
				DEAD_CODE_STRIPPING = NO;
				DEBUG_INFORMATION_FORMAT = "dwarf-with-dsym";
				DEPLOYMENT_POSTPROCESSING = YES;
				DEVELOPMENT_TEAM = HS8735NRM5;
				ENABLE_HARDENED_RUNTIME = YES;
				ENABLE_NS_ASSERTIONS = NO;
				ENABLE_STRICT_OBJC_MSGSEND = YES;
				ENABLE_TESTABILITY = YES;
				ENABLE_USER_SCRIPT_SANDBOXING = YES;
				EXCLUDED_ARCHS = "";
				EXECUTABLE_PREFIX = lib;
				FRAMEWORK_SEARCH_PATHS = (
					"$(inherited)",
					"$(DEVELOPER_FRAMEWORKS_DIR)",
					"$(WorkspaceDir)/../operating_system/storage-$(PLATFORM_MODIFIER)/$(CONFIGURATION)/framework",
				);
				GCC_C_LANGUAGE_STANDARD = c11;
				GCC_ENABLE_CPP_EXCEPTIONS = YES;
				GCC_ENABLE_CPP_RTTI = YES;
				GCC_GENERATE_DEBUGGING_SYMBOLS = YES;
				GCC_INCREASE_PRECOMPILED_HEADER_SHARING = NO;
				GCC_NO_COMMON_BLOCKS = YES;
				GCC_OPTIMIZATION_LEVEL = 0;
				GCC_PRECOMPILE_PREFIX_HEADER = YES;
				GCC_PREFIX_HEADER = framework.h;
				GCC_REUSE_STRINGS = YES;
				GCC_VERSION = "";
				GCC_WARN_64_TO_32_BIT_CONVERSION = NO;
				"GCC_WARN_64_TO_32_BIT_CONVERSION[arch=*64]" = YES;
				GCC_WARN_ABOUT_DEPRECATED_FUNCTIONS = NO;
				GCC_WARN_ABOUT_POINTER_SIGNEDNESS = YES;
				GCC_WARN_ABOUT_RETURN_TYPE = NO;
				GCC_WARN_UNDECLARED_SELECTOR = NO;
				GCC_WARN_UNINITIALIZED_AUTOS = NO;
				GCC_WARN_UNUSED_FUNCTION = NO;
				GCC_WARN_UNUSED_VARIABLE = NO;
				HEADER_SEARCH_PATHS = "";
				LD_RUNPATH_SEARCH_PATHS = (
					"@executable_path",
					"@loader_path",
				);
				LIBRARY_SEARCH_PATHS = (
					"$(inherited)",
					"$(WorkspaceDir)/operating_system",
					"$(WorkspaceDir)/../operating_system/storage-$(PLATFORM_MODIFIER)/$(CONFIGURATION)/library",
				);
				MTL_ENABLE_DEBUG_INFO = NO;
				MTL_FAST_MATH = YES;
				OTHER_LDFLAGS = "-all_load";
				PRODUCT_NAME = "$(TARGET_NAME)";
				RUN_CLANG_STATIC_ANALYZER = NO;
				SKIP_INSTALL = YES;
				STRINGS_FILE_OUTPUT_ENCODING = "UTF-8";
				STRIP_INSTALLED_PRODUCT = NO;
				SYSTEM_HEADER_SEARCH_PATHS = (
					"$(WorkspaceDir)/operating_system/operating_system-$(PLATFORM_MODIFIER)/include",
					"$(WorkspaceDir)/operating_system/operating_system-$(PLATFORM_MODIFIER)/configuration",
					"$(WorkspaceDir)/port/include",
					"$(WorkspaceDir)/source/app/include",
				);
				USER_HEADER_SEARCH_PATHS = (
					.,
					"$(WorkspaceDir)/source",
					"$(WorkspaceDir)/source/app",
					"$(WorkspaceDir)/source/app/_include",
					"$(WorkspaceDir)/operating_system",
					"$(WorkspaceDir)/operating_system/operating_system-$(PLATFORM_MODIFIER)",
					"$(WorkspaceDir)/operating_system/operating_system-$(PLATFORM_MODIFIER)/configuration_selection/$(CONFIGURATION)",
					"$(WorkspaceDir)/port/_",
					"$(PROJECT_DIR)",
					"$(PROJECT_DIR)/..",
					"$(PROJECT_DIR)/../..",
					"$(HOME)/sensitive/sensitive/include",
				);
				USE_HEADERMAP = NO;
				VALIDATE_PRODUCT = YES;
				WARNING_CFLAGS = "";
				WorkspaceDir = "$(SRCROOT)/../../..";
			};
			name = Release;
		};
		9A0B953E2FB30B3000EEAAE1 /* Debug */ = {
			isa = XCBuildConfiguration;
			buildSettings = {
				ENABLE_HARDENED_RUNTIME = YES;
				EXECUTABLE_EXTENSION = dylib;
				MACH_O_TYPE = mh_dylib;
				PLATFORM_MODIFIER = macos;
				SDKROOT = macosx;
			};
			name = Debug;
		};
		9A0B953F2FB30B3000EEAAE1 /* Release */ = {
			isa = XCBuildConfiguration;
			buildSettings = {
				ENABLE_HARDENED_RUNTIME = YES;
				EXECUTABLE_EXTENSION = dylib;
				MACH_O_TYPE = mh_dylib;
				PLATFORM_MODIFIER = macos;
				SDKROOT = macosx;
			};
			name = Release;
		};
/* End XCBuildConfiguration section */

/* Begin XCConfigurationList section */
		9A0B95342FB30B3000EEAAE1 /* Build configuration list for PBXProject "core_graphics" */ = {
			isa = XCConfigurationList;
			buildConfigurations = (
				9A0B953B2FB30B3000EEAAE1 /* Debug */,
				9A0B953C2FB30B3000EEAAE1 /* Release */,
			);
			defaultConfigurationIsVisible = 0;
			defaultConfigurationName = Release;
		};
		9A0B953D2FB30B3000EEAAE1 /* Build configuration list for PBXNativeTarget "core_graphics" */ = {
			isa = XCConfigurationList;
			buildConfigurations = (
				9A0B953E2FB30B3000EEAAE1 /* Debug */,
				9A0B953F2FB30B3000EEAAE1 /* Release */,
			);
			defaultConfigurationIsVisible = 0;
			defaultConfigurationName = Release;
		};
/* End XCConfigurationList section */
	};
	rootObject = 9A0B95312FB30B3000EEAAE1 /* Project object */;
}
