// !$*UTF8*$!
{
	archiveVersion = 1;
	classes = {
	};
	objectVersion = 50;
	objects = {

/* Begin PBXBuildFile section */
		9A41245B266C41E200C3FF0E /* libacme.dylib in Frameworks */ = {isa = PBXBuildFile; fileRef = 9A41245A266C41E200C3FF0E /* libacme.dylib */; };
		9A41245D266C41FA00C3FF0E /* libacme_posix.dylib in Frameworks */ = {isa = PBXBuildFile; fileRef = 9A41245C266C41FA00C3FF0E /* libacme_posix.dylib */; };
		9A412461266C420E00C3FF0E /* libapex_posix.dylib in Frameworks */ = {isa = PBXBuildFile; fileRef = 9A412460266C420E00C3FF0E /* libapex_posix.dylib */; };
		9A412557266DD80A00C3FF0E /* libapex.dylib in Frameworks */ = {isa = PBXBuildFile; fileRef = 9A412556266DD80A00C3FF0E /* libapex.dylib */; };
		9A5FE1FE2689E150003682E6 /* _.h in Headers */ = {isa = PBXBuildFile; fileRef = 9A787EC3264EE55E003DF8A0 /* _.h */; };
		9A5FE1FF2689E155003682E6 /* _c_mm.h in Headers */ = {isa = PBXBuildFile; fileRef = 9A787EBE264EE55E003DF8A0 /* _c_mm.h */; };
		9A5FE2002689E15A003682E6 /* _mm_common.h in Headers */ = {isa = PBXBuildFile; fileRef = 9A787EB2264EE55E003DF8A0 /* _mm_common.h */; };
		9A5FE2012689E15D003682E6 /* _mm.h in Headers */ = {isa = PBXBuildFile; fileRef = 9A787EA7264EE55E003DF8A0 /* _mm.h */; };
		9A7862AD265038A90034A0E1 /* _factory.cpp in Sources */ = {isa = PBXBuildFile; fileRef = 9A787EB6264EE55E003DF8A0 /* _factory.cpp */; };
		9A787EE4264EE934003DF8A0 /* node.cpp in Sources */ = {isa = PBXBuildFile; fileRef = 9A787EAC264EE55E003DF8A0 /* node.cpp */; };
		9A7EDDAB2671820D00BC7094 /* process.cpp in Sources */ = {isa = PBXBuildFile; fileRef = 9A787EA5264EE55E003DF8A0 /* process.cpp */; };
		9ABC54B626DAEC3A00718C0D /* libacme_apple.dylib in Frameworks */ = {isa = PBXBuildFile; fileRef = 9A15A60D264B551C0080670E /* libacme_apple.dylib */; };
		9AEA17C5275FFA1F006437A3 /* libapex_apple.dylib in CopyFiles */ = {isa = PBXBuildFile; fileRef = 9A15A597264B53DC0080670E /* libapex_apple.dylib */; };
/* End PBXBuildFile section */

/* Begin PBXContainerItemProxy section */
		9A15A60C264B551C0080670E /* PBXContainerItemProxy */ = {
			isa = PBXContainerItemProxy;
			containerPortal = 9A15A608264B551B0080670E /* acme_apple.xcodeproj */;
			proxyType = 2;
			remoteGlobalIDString = 9A15A582264B536C0080670E;
			remoteInfo = acme_apple;
		};
		9A413CDE266EC33F00C3FF0E /* PBXContainerItemProxy */ = {
			isa = PBXContainerItemProxy;
			containerPortal = 9A788039264F6A28003DF8A0 /* apex_posix.xcodeproj */;
			proxyType = 2;
			remoteGlobalIDString = 9A0C1680264A29B800B5CC33;
			remoteInfo = apex_posix;
		};
		9A5FDF6226898668003682E6 /* PBXContainerItemProxy */ = {
			isa = PBXContainerItemProxy;
			containerPortal = 9A788039264F6A28003DF8A0 /* apex_posix.xcodeproj */;
			proxyType = 1;
			remoteGlobalIDString = 9A0C167F264A29B800B5CC33;
			remoteInfo = apex_posix;
		};
		9A788044264F6A28003DF8A0 /* PBXContainerItemProxy */ = {
			isa = PBXContainerItemProxy;
			containerPortal = 9A15A608264B551B0080670E /* acme_apple.xcodeproj */;
			proxyType = 1;
			remoteGlobalIDString = 9A15A581264B536C0080670E;
			remoteInfo = acme_apple;
		};
/* End PBXContainerItemProxy section */

/* Begin PBXCopyFilesBuildPhase section */
		9AEA17C4275FFA08006437A3 /* CopyFiles */ = {
			isa = PBXCopyFilesBuildPhase;
			buildActionMask = 2147483647;
			dstPath = "$(WorkspaceDir)/time-$(PLATFORM_MODIFIER)/$(ARCHS)/$(CONFIGURATION)";
			dstSubfolderSpec = 0;
			files = (
				9AEA17C5275FFA1F006437A3 /* libapex_apple.dylib in CopyFiles */,
			);
			runOnlyForDeploymentPostprocessing = 0;
		};
/* End PBXCopyFilesBuildPhase section */

/* Begin PBXFileReference section */
		9A15A597264B53DC0080670E /* libapex_apple.dylib */ = {isa = PBXFileReference; explicitFileType = "compiled.mach-o.dylib"; includeInIndex = 0; path = libapex_apple.dylib; sourceTree = BUILT_PRODUCTS_DIR; };
		9A15A608264B551B0080670E /* acme_apple.xcodeproj */ = {isa = PBXFileReference; lastKnownFileType = "wrapper.pb-project"; name = acme_apple.xcodeproj; path = ../acme_apple/acme_apple.xcodeproj; sourceTree = "<group>"; };
		9A41245A266C41E200C3FF0E /* libacme.dylib */ = {isa = PBXFileReference; explicitFileType = "compiled.mach-o.dylib"; path = libacme.dylib; sourceTree = BUILT_PRODUCTS_DIR; };
		9A41245C266C41FA00C3FF0E /* libacme_posix.dylib */ = {isa = PBXFileReference; explicitFileType = "compiled.mach-o.dylib"; path = libacme_posix.dylib; sourceTree = BUILT_PRODUCTS_DIR; };
		9A41245E266C420500C3FF0E /* libapex.dylib */ = {isa = PBXFileReference; explicitFileType = "compiled.mach-o.dylib"; path = libapex.dylib; sourceTree = BUILT_PRODUCTS_DIR; };
		9A412460266C420E00C3FF0E /* libapex_posix.dylib */ = {isa = PBXFileReference; explicitFileType = "compiled.mach-o.dylib"; path = libapex_posix.dylib; sourceTree = BUILT_PRODUCTS_DIR; };
		9A412556266DD80A00C3FF0E /* libapex.dylib */ = {isa = PBXFileReference; explicitFileType = "compiled.mach-o.dylib"; path = libapex.dylib; sourceTree = BUILT_PRODUCTS_DIR; };
		9A5FDF60268985D5003682E6 /* libapex_macos.dylib */ = {isa = PBXFileReference; explicitFileType = "compiled.mach-o.dylib"; path = libapex_macos.dylib; sourceTree = BUILT_PRODUCTS_DIR; };
		9A787EA5264EE55E003DF8A0 /* process.cpp */ = {isa = PBXFileReference; lastKnownFileType = sourcecode.cpp.cpp; path = process.cpp; sourceTree = "<group>"; };
		9A787EA7264EE55E003DF8A0 /* _mm.h */ = {isa = PBXFileReference; lastKnownFileType = sourcecode.c.h; path = _mm.h; sourceTree = "<group>"; };
		9A787EA8264EE55E003DF8A0 /* _apple.mm */ = {isa = PBXFileReference; lastKnownFileType = sourcecode.cpp.objcpp; path = _apple.mm; sourceTree = "<group>"; };
		9A787EA9264EE55E003DF8A0 /* process copy.cpp */ = {isa = PBXFileReference; lastKnownFileType = sourcecode.cpp.cpp; path = "process copy.cpp"; sourceTree = "<group>"; };
		9A787EAA264EE55E003DF8A0 /* framework.cpp */ = {isa = PBXFileReference; lastKnownFileType = sourcecode.cpp.cpp; path = framework.cpp; sourceTree = "<group>"; };
		9A787EAB264EE55E003DF8A0 /* process copy.h */ = {isa = PBXFileReference; lastKnownFileType = sourcecode.c.h; path = "process copy.h"; sourceTree = "<group>"; };
		9A787EAC264EE55E003DF8A0 /* node.cpp */ = {isa = PBXFileReference; lastKnownFileType = sourcecode.cpp.cpp; path = node.cpp; sourceTree = "<group>"; };
		9A787EAD264EE55E003DF8A0 /* datetime.h */ = {isa = PBXFileReference; lastKnownFileType = sourcecode.c.h; path = datetime.h; sourceTree = "<group>"; };
		9A787EAE264EE55E003DF8A0 /* node.h */ = {isa = PBXFileReference; lastKnownFileType = sourcecode.c.h; path = node.h; sourceTree = "<group>"; };
		9A787EAF264EE55E003DF8A0 /* _apex_apple.h */ = {isa = PBXFileReference; lastKnownFileType = sourcecode.c.h; path = _apex_apple.h; sourceTree = "<group>"; };
		9A787EB0264EE55E003DF8A0 /* file_context.cpp */ = {isa = PBXFileReference; lastKnownFileType = sourcecode.cpp.cpp; path = file_context.cpp; sourceTree = "<group>"; };
		9A787EB1264EE55E003DF8A0 /* file_context.h */ = {isa = PBXFileReference; lastKnownFileType = sourcecode.c.h; path = file_context.h; sourceTree = "<group>"; };
		9A787EB2264EE55E003DF8A0 /* _mm_common.h */ = {isa = PBXFileReference; lastKnownFileType = sourcecode.c.h; path = _mm_common.h; sourceTree = "<group>"; };
		9A787EB3264EE55E003DF8A0 /* _.cpp */ = {isa = PBXFileReference; lastKnownFileType = sourcecode.cpp.cpp; path = _.cpp; sourceTree = "<group>"; };
		9A787EB5264EE55E003DF8A0 /* user.h */ = {isa = PBXFileReference; lastKnownFileType = sourcecode.c.h; path = user.h; sourceTree = "<group>"; };
		9A787EB6264EE55E003DF8A0 /* _factory.cpp */ = {isa = PBXFileReference; lastKnownFileType = sourcecode.cpp.cpp; path = _factory.cpp; sourceTree = "<group>"; };
		9A787EB7264EE55E003DF8A0 /* process.h */ = {isa = PBXFileReference; lastKnownFileType = sourcecode.c.h; path = process.h; sourceTree = "<group>"; };
		9A787EB8264EE55E003DF8A0 /* user.cpp */ = {isa = PBXFileReference; lastKnownFileType = sourcecode.cpp.cpp; path = user.cpp; sourceTree = "<group>"; };
		9A787EBC264EE55E003DF8A0 /* framework.h */ = {isa = PBXFileReference; lastKnownFileType = sourcecode.c.h; path = framework.h; sourceTree = "<group>"; };
		9A787EBD264EE55E003DF8A0 /* datetime.cpp */ = {isa = PBXFileReference; lastKnownFileType = sourcecode.cpp.cpp; path = datetime.cpp; sourceTree = "<group>"; };
		9A787EBE264EE55E003DF8A0 /* _c_mm.h */ = {isa = PBXFileReference; lastKnownFileType = sourcecode.c.h; path = _c_mm.h; sourceTree = "<group>"; };
		9A787EBF264EE55E003DF8A0 /* system_time.cpp */ = {isa = PBXFileReference; lastKnownFileType = sourcecode.cpp.cpp; path = system_time.cpp; sourceTree = "<group>"; };
		9A787EC0264EE55E003DF8A0 /* system_color.cpp */ = {isa = PBXFileReference; lastKnownFileType = sourcecode.cpp.cpp; path = system_color.cpp; sourceTree = "<group>"; };
		9A787EC1264EE55E003DF8A0 /* timer.mm */ = {isa = PBXFileReference; lastKnownFileType = sourcecode.cpp.objcpp; path = timer.mm; sourceTree = "<group>"; };
		9A787EC3264EE55E003DF8A0 /* _.h */ = {isa = PBXFileReference; lastKnownFileType = sourcecode.c.h; path = _.h; sourceTree = "<group>"; };
		9A788039264F6A28003DF8A0 /* apex_posix.xcodeproj */ = {isa = PBXFileReference; lastKnownFileType = "wrapper.pb-project"; name = apex_posix.xcodeproj; path = "../../platform-posix/apex_posix/apex_posix.xcodeproj"; sourceTree = "<group>"; };
/* End PBXFileReference section */

/* Begin PBXFrameworksBuildPhase section */
		9A15A595264B53DC0080670E /* Frameworks */ = {
			isa = PBXFrameworksBuildPhase;
			buildActionMask = 2147483647;
			files = (
				9A41245B266C41E200C3FF0E /* libacme.dylib in Frameworks */,
				9A41245D266C41FA00C3FF0E /* libacme_posix.dylib in Frameworks */,
				9ABC54B626DAEC3A00718C0D /* libacme_apple.dylib in Frameworks */,
				9A412557266DD80A00C3FF0E /* libapex.dylib in Frameworks */,
				9A412461266C420E00C3FF0E /* libapex_posix.dylib in Frameworks */,
			);
			runOnlyForDeploymentPostprocessing = 0;
		};
/* End PBXFrameworksBuildPhase section */

/* Begin PBXGroup section */
		9A15A58E264B53DC0080670E = {
			isa = PBXGroup;
			children = (
				9A15A608264B551B0080670E /* acme_apple.xcodeproj */,
				9A788039264F6A28003DF8A0 /* apex_posix.xcodeproj */,
				9A787EA1264EE55E003DF8A0 /* apex_apple */,
				9A15A598264B53DC0080670E /* Products */,
				9A788049264F6A39003DF8A0 /* Frameworks */,
			);
			sourceTree = "<group>";
		};
		9A15A598264B53DC0080670E /* Products */ = {
			isa = PBXGroup;
			children = (
				9A15A597264B53DC0080670E /* libapex_apple.dylib */,
			);
			name = Products;
			sourceTree = "<group>";
		};
		9A15A609264B551B0080670E /* Products */ = {
			isa = PBXGroup;
			children = (
				9A15A60D264B551C0080670E /* libacme_apple.dylib */,
			);
			name = Products;
			sourceTree = "<group>";
		};
		9A413CDB266EC33F00C3FF0E /* Products */ = {
			isa = PBXGroup;
			children = (
				9A413CDF266EC33F00C3FF0E /* libapex_posix.dylib */,
			);
			name = Products;
			sourceTree = "<group>";
		};
		9A787EA1264EE55E003DF8A0 /* apex_apple */ = {
			isa = PBXGroup;
			children = (
				9A787EB3264EE55E003DF8A0 /* _.cpp */,
				9A787EC3264EE55E003DF8A0 /* _.h */,
				9A787EAF264EE55E003DF8A0 /* _apex_apple.h */,
				9A787EA8264EE55E003DF8A0 /* _apple.mm */,
				9A787EBE264EE55E003DF8A0 /* _c_mm.h */,
				9A787EB2264EE55E003DF8A0 /* _mm_common.h */,
				9A787EA7264EE55E003DF8A0 /* _mm.h */,
				9A787EBD264EE55E003DF8A0 /* datetime.cpp */,
				9A787EAD264EE55E003DF8A0 /* datetime.h */,
				9A787EB6264EE55E003DF8A0 /* _factory.cpp */,
				9A787EB0264EE55E003DF8A0 /* file_context.cpp */,
				9A787EB1264EE55E003DF8A0 /* file_context.h */,
				9A787EAA264EE55E003DF8A0 /* framework.cpp */,
				9A787EBC264EE55E003DF8A0 /* framework.h */,
				9A787EAC264EE55E003DF8A0 /* node.cpp */,
				9A787EAE264EE55E003DF8A0 /* node.h */,
				9A787EA9264EE55E003DF8A0 /* process copy.cpp */,
				9A787EAB264EE55E003DF8A0 /* process copy.h */,
				9A787EA5264EE55E003DF8A0 /* process.cpp */,
				9A787EB7264EE55E003DF8A0 /* process.h */,
				9A787EC0264EE55E003DF8A0 /* system_color.cpp */,
				9A787EBF264EE55E003DF8A0 /* system_time.cpp */,
				9A787EC1264EE55E003DF8A0 /* timer.mm */,
				9A787EB8264EE55E003DF8A0 /* user.cpp */,
				9A787EB5264EE55E003DF8A0 /* user.h */,
			);
			name = apex_apple;
			sourceTree = "<group>";
		};
		9A788049264F6A39003DF8A0 /* Frameworks */ = {
			isa = PBXGroup;
			children = (
				9A5FDF60268985D5003682E6 /* libapex_macos.dylib */,
				9A412556266DD80A00C3FF0E /* libapex.dylib */,
				9A412460266C420E00C3FF0E /* libapex_posix.dylib */,
				9A41245E266C420500C3FF0E /* libapex.dylib */,
				9A41245C266C41FA00C3FF0E /* libacme_posix.dylib */,
				9A41245A266C41E200C3FF0E /* libacme.dylib */,
			);
			name = Frameworks;
			sourceTree = "<group>";
		};
/* End PBXGroup section */

/* Begin PBXHeadersBuildPhase section */
		9A15A593264B53DC0080670E /* Headers */ = {
			isa = PBXHeadersBuildPhase;
			buildActionMask = 2147483647;
			files = (
				9A5FE2012689E15D003682E6 /* _mm.h in Headers */,
				9A5FE1FE2689E150003682E6 /* _.h in Headers */,
				9A5FE1FF2689E155003682E6 /* _c_mm.h in Headers */,
				9A5FE2002689E15A003682E6 /* _mm_common.h in Headers */,
			);
			runOnlyForDeploymentPostprocessing = 0;
		};
/* End PBXHeadersBuildPhase section */

/* Begin PBXNativeTarget section */
		9A15A596264B53DC0080670E /* apex_apple */ = {
			isa = PBXNativeTarget;
			buildConfigurationList = 9A15A5A0264B53DC0080670E /* Build configuration list for PBXNativeTarget "apex_apple" */;
			buildPhases = (
				9A15A593264B53DC0080670E /* Headers */,
				9A15A594264B53DC0080670E /* Sources */,
				9A15A595264B53DC0080670E /* Frameworks */,
				9AEA17C4275FFA08006437A3 /* CopyFiles */,
			);
			buildRules = (
			);
			dependencies = (
				9A5FDF6326898668003682E6 /* PBXTargetDependency */,
				9A788045264F6A28003DF8A0 /* PBXTargetDependency */,
			);
			name = apex_apple;
			productName = apex_apple;
			productReference = 9A15A597264B53DC0080670E /* libapex_apple.dylib */;
			productType = "com.apple.product-type.library.dynamic";
		};
/* End PBXNativeTarget section */

/* Begin PBXProject section */
		9A15A58F264B53DC0080670E /* Project object */ = {
			isa = PBXProject;
			attributes = {
				LastUpgradeCheck = 1300;
				TargetAttributes = {
					9A15A596264B53DC0080670E = {
						CreatedOnToolsVersion = 12.5;
					};
				};
			};
			buildConfigurationList = 9A15A592264B53DC0080670E /* Build configuration list for PBXProject "apex_apple" */;
			compatibilityVersion = "Xcode 9.3";
			developmentRegion = en;
			hasScannedForEncodings = 0;
			knownRegions = (
				en,
				Base,
			);
			mainGroup = 9A15A58E264B53DC0080670E;
			productRefGroup = 9A15A598264B53DC0080670E /* Products */;
			projectDirPath = "";
			projectReferences = (
				{
					ProductGroup = 9A15A609264B551B0080670E /* Products */;
					ProjectRef = 9A15A608264B551B0080670E /* acme_apple.xcodeproj */;
				},
				{
					ProductGroup = 9A413CDB266EC33F00C3FF0E /* Products */;
					ProjectRef = 9A788039264F6A28003DF8A0 /* apex_posix.xcodeproj */;
				},
			);
			projectRoot = "";
			targets = (
				9A15A596264B53DC0080670E /* apex_apple */,
			);
		};
/* End PBXProject section */

/* Begin PBXReferenceProxy section */
		9A15A60D264B551C0080670E /* libacme_apple.dylib */ = {
			isa = PBXReferenceProxy;
			fileType = "compiled.mach-o.dylib";
			path = libacme_apple.dylib;
			remoteRef = 9A15A60C264B551C0080670E /* PBXContainerItemProxy */;
			sourceTree = BUILT_PRODUCTS_DIR;
		};
		9A413CDF266EC33F00C3FF0E /* libapex_posix.dylib */ = {
			isa = PBXReferenceProxy;
			fileType = "compiled.mach-o.dylib";
			path = libapex_posix.dylib;
			remoteRef = 9A413CDE266EC33F00C3FF0E /* PBXContainerItemProxy */;
			sourceTree = BUILT_PRODUCTS_DIR;
		};
/* End PBXReferenceProxy section */

/* Begin PBXSourcesBuildPhase section */
		9A15A594264B53DC0080670E /* Sources */ = {
			isa = PBXSourcesBuildPhase;
			buildActionMask = 2147483647;
			files = (
				9A787EE4264EE934003DF8A0 /* node.cpp in Sources */,
				9A7862AD265038A90034A0E1 /* _factory.cpp in Sources */,
				9A7EDDAB2671820D00BC7094 /* process.cpp in Sources */,
			);
			runOnlyForDeploymentPostprocessing = 0;
		};
/* End PBXSourcesBuildPhase section */

/* Begin PBXTargetDependency section */
		9A5FDF6326898668003682E6 /* PBXTargetDependency */ = {
			isa = PBXTargetDependency;
			name = apex_posix;
			targetProxy = 9A5FDF6226898668003682E6 /* PBXContainerItemProxy */;
		};
		9A788045264F6A28003DF8A0 /* PBXTargetDependency */ = {
			isa = PBXTargetDependency;
			name = acme_apple;
			targetProxy = 9A788044264F6A28003DF8A0 /* PBXContainerItemProxy */;
		};
/* End PBXTargetDependency section */

/* Begin XCBuildConfiguration section */
		9A15A59E264B53DC0080670E /* Debug */ = {
			isa = XCBuildConfiguration;
			buildSettings = {
				ALWAYS_SEARCH_USER_PATHS = NO;
				CLANG_ANALYZER_NONNULL = YES;
				CLANG_ANALYZER_NUMBER_OBJECT_CONVERSION = YES_AGGRESSIVE;
				CLANG_CXX_LANGUAGE_STANDARD = "c++2a";
				CLANG_CXX_LIBRARY = "libc++";
				CLANG_ENABLE_OBJC_ARC = YES;
				CLANG_ENABLE_OBJC_WEAK = YES;
				CLANG_WARN_BLOCK_CAPTURE_AUTORELEASING = YES;
				CLANG_WARN_BOOL_CONVERSION = YES;
				CLANG_WARN_COMMA = YES;
				CLANG_WARN_CONSTANT_CONVERSION = YES;
				CLANG_WARN_DEPRECATED_OBJC_IMPLEMENTATIONS = YES;
				CLANG_WARN_DIRECT_OBJC_ISA_USAGE = YES_ERROR;
				CLANG_WARN_DOCUMENTATION_COMMENTS = YES;
				CLANG_WARN_EMPTY_BODY = YES;
				CLANG_WARN_ENUM_CONVERSION = YES;
				CLANG_WARN_INFINITE_RECURSION = YES;
				CLANG_WARN_INT_CONVERSION = YES;
				CLANG_WARN_NON_LITERAL_NULL_CONVERSION = YES;
				CLANG_WARN_OBJC_IMPLICIT_RETAIN_SELF = YES;
				CLANG_WARN_OBJC_LITERAL_CONVERSION = YES;
				CLANG_WARN_OBJC_ROOT_CLASS = YES_ERROR;
				CLANG_WARN_QUOTED_INCLUDE_IN_FRAMEWORK_HEADER = YES;
				CLANG_WARN_RANGE_LOOP_ANALYSIS = YES;
				CLANG_WARN_STRICT_PROTOTYPES = YES;
				CLANG_WARN_SUSPICIOUS_MOVE = YES;
				CLANG_WARN_UNGUARDED_AVAILABILITY = YES_AGGRESSIVE;
				CLANG_WARN_UNREACHABLE_CODE = YES;
				CLANG_WARN__DUPLICATE_METHOD_MATCH = YES;
				COPY_PHASE_STRIP = NO;
				DEBUG_INFORMATION_FORMAT = dwarf;
				ENABLE_STRICT_OBJC_MSGSEND = YES;
				ENABLE_TESTABILITY = YES;
				GCC_C_LANGUAGE_STANDARD = c11;
				GCC_DYNAMIC_NO_PIC = NO;
				GCC_INCREASE_PRECOMPILED_HEADER_SHARING = NO;
				GCC_NO_COMMON_BLOCKS = YES;
				GCC_OPTIMIZATION_LEVEL = 0;
				GCC_PRECOMPILE_PREFIX_HEADER = YES;
				GCC_PREFIX_HEADER = framework.h;
				GCC_PREPROCESSOR_DEFINITIONS = (
					"DEBUG=1",
					"$(inherited)",
				);
				GCC_WARN_64_TO_32_BIT_CONVERSION = YES;
				GCC_WARN_ABOUT_RETURN_TYPE = YES_ERROR;
				GCC_WARN_UNDECLARED_SELECTOR = YES;
				GCC_WARN_UNINITIALIZED_AUTOS = YES_AGGRESSIVE;
				GCC_WARN_UNUSED_FUNCTION = YES;
				GCC_WARN_UNUSED_VARIABLE = YES;
				HEADER_SEARCH_PATHS = "";
				INSTALL_PATH = "@executable_path";
				LD_RUNPATH_SEARCH_PATHS = "@executable_path";
				LIBRARY_SEARCH_PATHS = (
					"$(inherited)",
					"$(WorkspaceDir)/archive",
					"\"$(WorkspaceDir)/archive/storage-$(PLATFORM_MODIFIER)/library/$(ARCHS)/$(CONFIGURATION)\"",
					"\"$(WorkspaceDir)/time-$(PLATFORM_MODIFIER)/$(ARCHS)/$(CONFIGURATION)\"",
				);
				MACOSX_DEPLOYMENT_TARGET = 10.9;
				MTL_ENABLE_DEBUG_INFO = INCLUDE_SOURCE;
				MTL_FAST_MATH = YES;
				ONLY_ACTIVE_ARCH = YES;
				PRODUCT_NAME = "$(TARGET_NAME)";
				SDKROOT = macosx;
				SKIP_INSTALL = YES;
				USER_HEADER_SEARCH_PATHS = (
					.,
					"$(WorkspaceDir)/source",
					"$(WorkspaceDir)/source/include",
					"$(WorkspaceDir)/source/app",
					"$(WorkspaceDir)/source/app/_include",
					"$(WorkspaceDir)/archive",
					"$(WorkspaceDir)/archive/platform-$(PLATFORM_MODIFIER)",
					"$(WorkspaceDir)/archive/platform-$(PLATFORM_MODIFIER)/_include",
					"$(WorkspaceDir)/archive/platform-apple",
					"$(WorkspaceDir)/archive/platform-posix",
					"$(WorkspaceDir)/source/third/include",
					"$(WorkspaceDir)/archive/third-$(PLATFORM_MODIFIER)/third/include/include",
					"$(WorkspaceDir)/archive/third-$(PLATFORM_MODIFIER)/third/include",
					"$(PROJECT_DIR)",
					"$(HOME)/sensitive/sensitive/include",
				);
				USE_HEADERMAP = NO;
				WorkspaceDir = "$(SRCROOT)/../../..";
			};
			name = Debug;
		};
		9A15A59F264B53DC0080670E /* Release */ = {
			isa = XCBuildConfiguration;
			buildSettings = {
				ALWAYS_SEARCH_USER_PATHS = NO;
				CLANG_ANALYZER_NONNULL = YES;
				CLANG_ANALYZER_NUMBER_OBJECT_CONVERSION = YES_AGGRESSIVE;
				CLANG_CXX_LANGUAGE_STANDARD = "c++2a";
				CLANG_CXX_LIBRARY = "libc++";
				CLANG_ENABLE_OBJC_ARC = YES;
				CLANG_ENABLE_OBJC_WEAK = YES;
				CLANG_WARN_BLOCK_CAPTURE_AUTORELEASING = YES;
				CLANG_WARN_BOOL_CONVERSION = YES;
				CLANG_WARN_COMMA = YES;
				CLANG_WARN_CONSTANT_CONVERSION = YES;
				CLANG_WARN_DEPRECATED_OBJC_IMPLEMENTATIONS = YES;
				CLANG_WARN_DIRECT_OBJC_ISA_USAGE = YES_ERROR;
				CLANG_WARN_DOCUMENTATION_COMMENTS = YES;
				CLANG_WARN_EMPTY_BODY = YES;
				CLANG_WARN_ENUM_CONVERSION = YES;
				CLANG_WARN_INFINITE_RECURSION = YES;
				CLANG_WARN_INT_CONVERSION = YES;
				CLANG_WARN_NON_LITERAL_NULL_CONVERSION = YES;
				CLANG_WARN_OBJC_IMPLICIT_RETAIN_SELF = YES;
				CLANG_WARN_OBJC_LITERAL_CONVERSION = YES;
				CLANG_WARN_OBJC_ROOT_CLASS = YES_ERROR;
				CLANG_WARN_QUOTED_INCLUDE_IN_FRAMEWORK_HEADER = YES;
				CLANG_WARN_RANGE_LOOP_ANALYSIS = YES;
				CLANG_WARN_STRICT_PROTOTYPES = YES;
				CLANG_WARN_SUSPICIOUS_MOVE = YES;
				CLANG_WARN_UNGUARDED_AVAILABILITY = YES_AGGRESSIVE;
				CLANG_WARN_UNREACHABLE_CODE = YES;
				CLANG_WARN__DUPLICATE_METHOD_MATCH = YES;
				COPY_PHASE_STRIP = NO;
				DEBUG_INFORMATION_FORMAT = "dwarf-with-dsym";
				ENABLE_HARDENED_RUNTIME = YES;
				ENABLE_NS_ASSERTIONS = NO;
				ENABLE_STRICT_OBJC_MSGSEND = YES;
				GCC_C_LANGUAGE_STANDARD = c11;
				GCC_INCREASE_PRECOMPILED_HEADER_SHARING = NO;
				GCC_NO_COMMON_BLOCKS = YES;
				GCC_PRECOMPILE_PREFIX_HEADER = YES;
				GCC_PREFIX_HEADER = framework.h;
				GCC_WARN_64_TO_32_BIT_CONVERSION = YES;
				GCC_WARN_ABOUT_RETURN_TYPE = YES_ERROR;
				GCC_WARN_UNDECLARED_SELECTOR = YES;
				GCC_WARN_UNINITIALIZED_AUTOS = YES_AGGRESSIVE;
				GCC_WARN_UNUSED_FUNCTION = YES;
				GCC_WARN_UNUSED_VARIABLE = YES;
				HEADER_SEARCH_PATHS = "";
				INSTALL_PATH = "@executable_path";
				LD_RUNPATH_SEARCH_PATHS = "@executable_path";
				LIBRARY_SEARCH_PATHS = (
					"$(inherited)",
					"$(WorkspaceDir)/archive",
					"\"$(WorkspaceDir)/archive/storage-$(PLATFORM_MODIFIER)/library/$(ARCHS)/$(CONFIGURATION)\"",
					"\"$(WorkspaceDir)/time-$(PLATFORM_MODIFIER)/$(ARCHS)/$(CONFIGURATION)\"",
				);
				MACOSX_DEPLOYMENT_TARGET = 10.9;
				MTL_ENABLE_DEBUG_INFO = NO;
				MTL_FAST_MATH = YES;
				PRODUCT_NAME = "$(TARGET_NAME)";
				SDKROOT = macosx;
				SKIP_INSTALL = YES;
				USER_HEADER_SEARCH_PATHS = (
					.,
					"$(WorkspaceDir)/source",
					"$(WorkspaceDir)/source/include",
					"$(WorkspaceDir)/source/app",
					"$(WorkspaceDir)/source/app/_include",
					"$(WorkspaceDir)/archive",
					"$(WorkspaceDir)/archive/platform-$(PLATFORM_MODIFIER)",
					"$(WorkspaceDir)/archive/platform-$(PLATFORM_MODIFIER)/_include",
					"$(WorkspaceDir)/archive/platform-apple",
					"$(WorkspaceDir)/archive/platform-posix",
					"$(WorkspaceDir)/source/third/include",
					"$(WorkspaceDir)/archive/third-$(PLATFORM_MODIFIER)/third/include/include",
					"$(WorkspaceDir)/archive/third-$(PLATFORM_MODIFIER)/third/include",
					"$(PROJECT_DIR)",
					"$(HOME)/sensitive/sensitive/include",
				);
				USE_HEADERMAP = NO;
				WorkspaceDir = "$(SRCROOT)/../../..";
			};
			name = Release;
		};
		9A15A5A1264B53DC0080670E /* Debug */ = {
			isa = XCBuildConfiguration;
			buildSettings = {
				DYLIB_COMPATIBILITY_VERSION = 1;
				DYLIB_CURRENT_VERSION = 1;
				EXECUTABLE_PREFIX = lib;
				PLATFORM_MODIFIER = macos;
			};
			name = Debug;
		};
		9A15A5A2264B53DC0080670E /* Release */ = {
			isa = XCBuildConfiguration;
			buildSettings = {
				DYLIB_COMPATIBILITY_VERSION = 1;
				DYLIB_CURRENT_VERSION = 1;
				EXECUTABLE_PREFIX = lib;
				PLATFORM_MODIFIER = macos;
			};
			name = Release;
		};
/* End XCBuildConfiguration section */

/* Begin XCConfigurationList section */
		9A15A592264B53DC0080670E /* Build configuration list for PBXProject "apex_apple" */ = {
			isa = XCConfigurationList;
			buildConfigurations = (
				9A15A59E264B53DC0080670E /* Debug */,
				9A15A59F264B53DC0080670E /* Release */,
			);
			defaultConfigurationIsVisible = 0;
			defaultConfigurationName = Release;
		};
		9A15A5A0264B53DC0080670E /* Build configuration list for PBXNativeTarget "apex_apple" */ = {
			isa = XCConfigurationList;
			buildConfigurations = (
				9A15A5A1264B53DC0080670E /* Debug */,
				9A15A5A2264B53DC0080670E /* Release */,
			);
			defaultConfigurationIsVisible = 0;
			defaultConfigurationName = Release;
		};
/* End XCConfigurationList section */
	};
	rootObject = 9A15A58F264B53DC0080670E /* Project object */;
}
