// !$*UTF8*$!
{
	archiveVersion = 1;
	classes = {
	};
	objectVersion = 56;
	objects = {

/* Begin PBXBuildFile section */
		EF0715D8222496B0A5D89712 /* AppKit.framework in Frameworks */ = {isa = PBXBuildFile; fileRef = 498D1BECCA41EC5346DC5BD7 /* AppKit.framework */; };
		FF889C57B8ADD362AAE81BA8 /* font_enumeration.cpp in Sources */ = {isa = PBXBuildFile; fileRef = B9F22402B980AFFC05C5DADF /* font_enumeration.cpp */; };
		4B50E2C2DEB4625C9C5E90C9 /* write_text.h in Headers */ = {isa = PBXBuildFile; fileRef = 22401047E470403115E27709 /* write_text.h */; };
		C6F641FA88CD550AB4019718 /* font_enumeration.h in Headers */ = {isa = PBXBuildFile; fileRef = 0761DDD7A1840FDD2E5DECD5 /* font_enumeration.h */; };
		EBA9FC278494774601509E91 /* framework.cpp in Sources */ = {isa = PBXBuildFile; fileRef = 32388BC1713630C9683A0D78 /* framework.cpp */; };
		C873003C3D1A73572B5C13C9 /* _.cpp in Sources */ = {isa = PBXBuildFile; fileRef = 691EB6BEE1D1AA41F9C45C15 /* _.cpp */; };
		47BF76BCBB92994722B04C9B /* write_text.cpp in Sources */ = {isa = PBXBuildFile; fileRef = 9335F25FEEE9FDA2EF7E22FF /* write_text.cpp */; };
		BB501521DE9C1AA6170B34F9 /* fonts.cpp in Sources */ = {isa = PBXBuildFile; fileRef = 49DB5938988BDF3CF8E3DF24 /* fonts.cpp */; };
		692BBEFB560558D3B489C55C /* _factory.cpp in Sources */ = {isa = PBXBuildFile; fileRef = 186268AF714F82EDDC873B73 /* _factory.cpp */; };
		55137544FAF32640054A8B67 /* framework.h in Headers */ = {isa = PBXBuildFile; fileRef = F7F6641A2D6BD5B36267B664 /* framework.h */; };
		9AB673F610316C8F26A12AA4 /* fonts.h in Headers */ = {isa = PBXBuildFile; fileRef = 40CC9BF132DECCDA636DB54D /* fonts.h */; };
		B8D6C529F4EE43392272AE87 /* _.h in Headers */ = {isa = PBXBuildFile; fileRef = A6E698AA8EEC41AFDEF93CBF /* _.h */; };
		3E31D6C953114E4D08F4263E /* libacme.dylib in Frameworks */ = {isa = PBXBuildFile; fileRef = AAEA4F442345D1C123BF075E /* libacme.dylib */; };
		44DE47C4F4EDF6C2D63B02E8 /* libapex.dylib in Frameworks */ = {isa = PBXBuildFile; fileRef = 08F94B06DD1AE82944F1D5A3 /* libapex.dylib */; };
		0F515594BCCCEAE65A7199E6 /* libaura.dylib in Frameworks */ = {isa = PBXBuildFile; fileRef = 9548696AF454D84687D5DC92 /* libaura.dylib */; };
		A049B0B0E04091377A02FC81 /* _.h in Headers */ = {isa = PBXBuildFile; fileRef = A6E698AA8EEC41AFDEF93CBF /* _.h */; };
		FA77B6E8433B4B4FFA115B18 /* framework.h in Headers */ = {isa = PBXBuildFile; fileRef = F7F6641A2D6BD5B36267B664 /* framework.h */; };
		268E0ECF04EB4FD94CEDD7E7 /* fonts.h in Headers */ = {isa = PBXBuildFile; fileRef = 40CC9BF132DECCDA636DB54D /* fonts.h */; };
		B81B6843486CDC0F21E29EEF /* font_enumeration.h in Headers */ = {isa = PBXBuildFile; fileRef = 0761DDD7A1840FDD2E5DECD5 /* font_enumeration.h */; };
		0B583A3CAB684C8FCAD213EB /* write_text.h in Headers */ = {isa = PBXBuildFile; fileRef = 22401047E470403115E27709 /* write_text.h */; };
		EDC2DBC0311B5CE0D54E66EA /* _.cpp in Sources */ = {isa = PBXBuildFile; fileRef = 691EB6BEE1D1AA41F9C45C15 /* _.cpp */; };
		515F9BAAD54411028CE4BB56 /* _factory.cpp in Sources */ = {isa = PBXBuildFile; fileRef = 186268AF714F82EDDC873B73 /* _factory.cpp */; };
		744A88E2F1CDCC99307EB381 /* fonts.cpp in Sources */ = {isa = PBXBuildFile; fileRef = 49DB5938988BDF3CF8E3DF24 /* fonts.cpp */; };
		992974C126AC48AF1814EE5B /* framework.cpp in Sources */ = {isa = PBXBuildFile; fileRef = 32388BC1713630C9683A0D78 /* framework.cpp */; };
		30A9B4CA1F161B7C5EA8E541 /* write_text.cpp in Sources */ = {isa = PBXBuildFile; fileRef = 9335F25FEEE9FDA2EF7E22FF /* write_text.cpp */; };
		42C504CA5D3872AB07852F6B /* font_enumeration.mm in Sources */ = {isa = PBXBuildFile; fileRef = DB74B1B42F2B78CB41621D64 /* font_enumeration.mm */; };
		5490DF40AEED39D34B0288CF /* font_enumeration.cpp in Sources */ = {isa = PBXBuildFile; fileRef = B9F22402B980AFFC05C5DADF /* font_enumeration.cpp */; };
		082B3375A75F5A8EE04A44EB /* font_enumeration.mm in Sources */ = {isa = PBXBuildFile; fileRef = DB74B1B42F2B78CB41621D64 /* font_enumeration.mm */; };
/* End PBXBuildFile section */

/* Begin PBXContainerItemProxy section */
		84BD578E6B5362FC0C716473 /* PBXContainerItemProxy */ = {
			isa = PBXContainerItemProxy;
			containerPortal = 38DF21EE4CFED642A84EE78C /* aura.xcodeproj */;
			proxyType = 1;
			remoteGlobalIDString = A7460B7BA348DC6C50506755;
			remoteInfo = aura;
		};
		67ADBD6C5125180FFCE98508 /* PBXContainerItemProxy */ = {
			isa = PBXContainerItemProxy;
			containerPortal = 38DF21EE4CFED642A84EE78C /* aura.xcodeproj */;
			proxyType = 2;
			remoteGlobalIDString = E4417B3C048CFEB95EEAB513;
			remoteInfo = aura;
		};
		FE0C2D84141ACEF254F4219B /* PBXContainerItemProxy */ = {
			isa = PBXContainerItemProxy;
			containerPortal = 38DF21EE4CFED642A84EE78C /* aura.xcodeproj */;
			proxyType = 2;
			remoteGlobalIDString = 430A724391C0109CE61F368C;
			remoteInfo = aura_iosTests;
		};
		3DC88024E4E9C41908CD9648 /* PBXContainerItemProxy */ = {
			isa = PBXContainerItemProxy;
			containerPortal = 38DF21EE4CFED642A84EE78C /* aura.xcodeproj */;
			proxyType = 1;
			remoteGlobalIDString = F280D3C1BCBF46CE8A770C4B;
			remoteInfo = ios_aura;
		};
		09119FC9A058694757E0B621 /* PBXContainerItemProxy */ = {
			isa = PBXContainerItemProxy;
			containerPortal = 38DF21EE4CFED642A84EE78C /* aura.xcodeproj */;
			proxyType = 2;
			remoteGlobalIDString = 443EFA39F2FC24A6099F2688;
			remoteInfo = ios_aura;
		};
/* End PBXContainerItemProxy section */

/* Begin PBXFileReference section */
		4C7B331FDF2720FBCB4F1ED3 /* _____debug.xcconfig */ = {isa = PBXFileReference; fileEncoding = 4; lastKnownFileType = text.xcconfig; path = "_____debug.xcconfig"; sourceTree = "<group>"; };
		FB9643462886C7285DDFE92A /* _____release.xcconfig */ = {isa = PBXFileReference; fileEncoding = 4; lastKnownFileType = text.xcconfig; path = "_____release.xcconfig"; sourceTree = "<group>"; };
		A2A8D20E4ACF9045B5B386D5 /* _write_text_quartz2d.h */ = {isa = PBXFileReference; lastKnownFileType = sourcecode.c.h; path = _write_text_quartz2d.h; sourceTree = "<group>"; };
		0010C0CDA03DB72745411F3F /* libwrite_text_quartz2d.dylib */ = {isa = PBXFileReference; explicitFileType = "compiled.mach-o.dylib"; includeInIndex = 0; path = libwrite_text_quartz2d.dylib; sourceTree = BUILT_PRODUCTS_DIR; };
		B9F22402B980AFFC05C5DADF /* font_enumeration.cpp */ = {isa = PBXFileReference; fileEncoding = 4; lastKnownFileType = sourcecode.cpp.cpp; path = font_enumeration.cpp; sourceTree = "<group>"; };
		22401047E470403115E27709 /* write_text.h */ = {isa = PBXFileReference; fileEncoding = 4; lastKnownFileType = sourcecode.c.h; path = write_text.h; sourceTree = "<group>"; };
		0761DDD7A1840FDD2E5DECD5 /* font_enumeration.h */ = {isa = PBXFileReference; fileEncoding = 4; lastKnownFileType = sourcecode.c.h; path = font_enumeration.h; sourceTree = "<group>"; };
		32388BC1713630C9683A0D78 /* framework.cpp */ = {isa = PBXFileReference; fileEncoding = 4; lastKnownFileType = sourcecode.cpp.cpp; path = framework.cpp; sourceTree = "<group>"; };
		691EB6BEE1D1AA41F9C45C15 /* _.cpp */ = {isa = PBXFileReference; fileEncoding = 4; lastKnownFileType = sourcecode.cpp.cpp; path = _.cpp; sourceTree = "<group>"; };
		9335F25FEEE9FDA2EF7E22FF /* write_text.cpp */ = {isa = PBXFileReference; fileEncoding = 4; lastKnownFileType = sourcecode.cpp.cpp; path = write_text.cpp; sourceTree = "<group>"; };
		49DB5938988BDF3CF8E3DF24 /* fonts.cpp */ = {isa = PBXFileReference; fileEncoding = 4; lastKnownFileType = sourcecode.cpp.cpp; path = fonts.cpp; sourceTree = "<group>"; };
		186268AF714F82EDDC873B73 /* _factory.cpp */ = {isa = PBXFileReference; fileEncoding = 4; lastKnownFileType = sourcecode.cpp.cpp; path = _factory.cpp; sourceTree = "<group>"; };
		F7F6641A2D6BD5B36267B664 /* framework.h */ = {isa = PBXFileReference; fileEncoding = 4; lastKnownFileType = sourcecode.c.h; path = framework.h; sourceTree = "<group>"; };
		40CC9BF132DECCDA636DB54D /* fonts.h */ = {isa = PBXFileReference; fileEncoding = 4; lastKnownFileType = sourcecode.c.h; path = fonts.h; sourceTree = "<group>"; };
		A6E698AA8EEC41AFDEF93CBF /* _.h */ = {isa = PBXFileReference; fileEncoding = 4; lastKnownFileType = sourcecode.c.h; path = _.h; sourceTree = "<group>"; };
		38DF21EE4CFED642A84EE78C /* aura.xcodeproj */ = {isa = PBXFileReference; lastKnownFileType = "wrapper.pb-project"; name = aura.xcodeproj; path = ../../../source/app/aura/aura.xcodeproj; sourceTree = SOURCE_ROOT; };
		AAEA4F442345D1C123BF075E /* libacme.dylib */ = {isa = PBXFileReference; explicitFileType = "compiled.mach-o.dylib"; path = libacme.dylib; sourceTree = BUILT_PRODUCTS_DIR; };
		08F94B06DD1AE82944F1D5A3 /* libapex.dylib */ = {isa = PBXFileReference; explicitFileType = "compiled.mach-o.dylib"; path = libapex.dylib; sourceTree = BUILT_PRODUCTS_DIR; };
		7721B0782CB11940E577F585 /* libios_write_text_quartz2d.a */ = {isa = PBXFileReference; explicitFileType = "compiled.mach-o.dylib"; includeInIndex = 0; path = libios_write_text_quartz2d.a; sourceTree = BUILT_PRODUCTS_DIR; };
		DB74B1B42F2B78CB41621D64 /* font_enumeration.mm */ = {isa = PBXFileReference; lastKnownFileType = sourcecode.cpp.objcpp; path = font_enumeration.mm; sourceTree = "<group>"; };
		498D1BECCA41EC5346DC5BD7 /* AppKit.framework */ = {isa = PBXFileReference; lastKnownFileType = wrapper.framework; name = AppKit.framework; path = System/Library/Frameworks/AppKit.framework; sourceTree = SDKROOT; };
/* End PBXFileReference section */

/* Begin PBXFrameworksBuildPhase section */
		3A8E4F8E6FC44DC08E102751 /* Frameworks */ = {
			isa = PBXFrameworksBuildPhase;
			buildActionMask = 2147483647;
			files = (
				EF0715D8222496B0A5D89712 /* AppKit.framework in Frameworks */,
				0F515594BCCCEAE65A7199E6 /* libaura.dylib in Frameworks */,
				3E31D6C953114E4D08F4263E /* libacme.dylib in Frameworks */,
				44DE47C4F4EDF6C2D63B02E8 /* libapex.dylib in Frameworks */,
			);
			runOnlyForDeploymentPostprocessing = 0;
		};
/* End PBXFrameworksBuildPhase section */

/* Begin PBXGroup section */
		E66129468D776DC6C222A33F = {
			isa = PBXGroup;
			children = (
				38DF21EE4CFED642A84EE78C /* aura.xcodeproj */,
				998B488052855E260649D849 /* Frameworks */,
				957CDF0338A3D5CFC7C8689F /* Products */,
				A1D87F170030E8E2664BE040 /* write_text_quartz2d */,
			);
			sourceTree = "<group>";
		};
		957CDF0338A3D5CFC7C8689F /* Products */ = {
			isa = PBXGroup;
			children = (
				0010C0CDA03DB72745411F3F /* libwrite_text_quartz2d.dylib */,
				7721B0782CB11940E577F585 /* libios_write_text_quartz2d.a */,
			);
			name = Products;
			sourceTree = "<group>";
		};
		A1D87F170030E8E2664BE040 /* write_text_quartz2d */ = {
			isa = PBXGroup;
			children = (
				4C7B331FDF2720FBCB4F1ED3 /* _____debug.xcconfig */,
				FB9643462886C7285DDFE92A /* _____release.xcconfig */,
				691EB6BEE1D1AA41F9C45C15 /* _.cpp */,
				A6E698AA8EEC41AFDEF93CBF /* _.h */,
				A2A8D20E4ACF9045B5B386D5 /* _write_text_quartz2d.h */,
				186268AF714F82EDDC873B73 /* _factory.cpp */,
				49DB5938988BDF3CF8E3DF24 /* fonts.cpp */,
				40CC9BF132DECCDA636DB54D /* fonts.h */,
				B9F22402B980AFFC05C5DADF /* font_enumeration.cpp */,
				0761DDD7A1840FDD2E5DECD5 /* font_enumeration.h */,
				DB74B1B42F2B78CB41621D64 /* font_enumeration.mm */,
				32388BC1713630C9683A0D78 /* framework.cpp */,
				F7F6641A2D6BD5B36267B664 /* framework.h */,
				9335F25FEEE9FDA2EF7E22FF /* write_text.cpp */,
				22401047E470403115E27709 /* write_text.h */,
			);
			name = write_text_quartz2d;
			sourceTree = "<group>";
		};
		523AE67BBD998AA2502AB96D /* Products */ = {
			isa = PBXGroup;
			children = (
				9548696AF454D84687D5DC92 /* libaura.dylib */,
				66BE8654420E36EBC5111D2C /* libios_aura.a */,
				03033590D49D471ED5E44644 /* aura_iosTests.xctest */,
			);
			name = Products;
			sourceTree = "<group>";
		};
		998B488052855E260649D849 /* Frameworks */ = {
			isa = PBXGroup;
			children = (
				498D1BECCA41EC5346DC5BD7 /* AppKit.framework */,
				AAEA4F442345D1C123BF075E /* libacme.dylib */,
				08F94B06DD1AE82944F1D5A3 /* libapex.dylib */,
			);
			name = Frameworks;
			sourceTree = "<group>";
		};
/* End PBXGroup section */

/* Begin PBXHeadersBuildPhase section */
		592F7E71B5A6D2A51DA87D1B /* Headers */ = {
			isa = PBXHeadersBuildPhase;
			buildActionMask = 2147483647;
			files = (
				B8D6C529F4EE43392272AE87 /* _.h in Headers */,
				55137544FAF32640054A8B67 /* framework.h in Headers */,
				9AB673F610316C8F26A12AA4 /* fonts.h in Headers */,
				C6F641FA88CD550AB4019718 /* font_enumeration.h in Headers */,
				4B50E2C2DEB4625C9C5E90C9 /* write_text.h in Headers */,
			);
			runOnlyForDeploymentPostprocessing = 0;
		};
		792F6C8CEAC594CAEE78F1E9 /* Headers */ = {
			isa = PBXHeadersBuildPhase;
			buildActionMask = 2147483647;
			files = (
				A049B0B0E04091377A02FC81 /* _.h in Headers */,
				FA77B6E8433B4B4FFA115B18 /* framework.h in Headers */,
				268E0ECF04EB4FD94CEDD7E7 /* fonts.h in Headers */,
				B81B6843486CDC0F21E29EEF /* font_enumeration.h in Headers */,
				0B583A3CAB684C8FCAD213EB /* write_text.h in Headers */,
			);
			runOnlyForDeploymentPostprocessing = 0;
		};
/* End PBXHeadersBuildPhase section */

/* Begin PBXNativeTarget section */
		3FBE4F816C5083BB91284264 /* write_text_quartz2d */ = {
			isa = PBXNativeTarget;
			buildConfigurationList = 7621EE57FC634E5F1D746E50 /* Build configuration list for PBXNativeTarget "write_text_quartz2d" */;
			buildPhases = (
				592F7E71B5A6D2A51DA87D1B /* Headers */,
				E756B714EA479C1A0D8C647B /* Sources */,
				3A8E4F8E6FC44DC08E102751 /* Frameworks */,
				3FB3CF41E1FE3C89FA3BE624 /* ShellScript */,
			);
			buildRules = (
			);
			dependencies = (
				CB3ADED4F2985B71B094BB29 /* PBXTargetDependency */,
			);
			name = write_text_quartz2d;
			productName = write_text_quartz2d;
			productReference = 0010C0CDA03DB72745411F3F /* libwrite_text_quartz2d.dylib */;
			productType = "com.apple.product-type.library.dynamic";
		};
		5FDC35D52EA3D172D787A020 /* ios_write_text_quartz2d */ = {
			isa = PBXNativeTarget;
			buildConfigurationList = F47F9F35C825D32AB7F4AFFF /* Build configuration list for PBXNativeTarget "ios_write_text_quartz2d" */;
			buildPhases = (
				792F6C8CEAC594CAEE78F1E9 /* Headers */,
				31CD115E2975FC1BF4608A19 /* Sources */,
			);
			buildRules = (
			);
			dependencies = (
				006A8BCED17BEBACD9E12E00 /* PBXTargetDependency */,
			);
			name = ios_write_text_quartz2d;
			productName = write_text_quartz2d;
			productReference = 7721B0782CB11940E577F585 /* libios_write_text_quartz2d.a */;
			productType = "com.apple.product-type.library.dynamic";
		};
/* End PBXNativeTarget section */

/* Begin PBXProject section */
		C440B524276C2EF1B991EEC6 /* Project object */ = {
			isa = PBXProject;
			attributes = {
				BuildIndependentTargetsInParallel = YES;
				LastUpgradeCheck = 1520;
				ORGANIZATIONNAME = "ca2 Software Development";
				TargetAttributes = {
					3FBE4F816C5083BB91284264 = {
						CreatedOnToolsVersion = 12.5;
					};
				};
			};
			buildConfigurationList = 12CAAD2E6DF8D449950F0687 /* Build configuration list for PBXProject "write_text_quartz2d" */;
			compatibilityVersion = "Xcode 14.0";
			developmentRegion = en;
			hasScannedForEncodings = 0;
			knownRegions = (
				en,
				Base,
			);
			mainGroup = E66129468D776DC6C222A33F;
			productRefGroup = 957CDF0338A3D5CFC7C8689F /* Products */;
			projectDirPath = "";
			projectReferences = (
				{
					ProductGroup = 523AE67BBD998AA2502AB96D /* Products */;
					ProjectRef = 38DF21EE4CFED642A84EE78C /* aura.xcodeproj */;
				},
			);
			projectRoot = "";
			targets = (
				3FBE4F816C5083BB91284264 /* write_text_quartz2d */,
				5FDC35D52EA3D172D787A020 /* ios_write_text_quartz2d */,
			);
		};
/* End PBXProject section */

/* Begin PBXReferenceProxy section */
		9548696AF454D84687D5DC92 /* libaura.dylib */ = {
			isa = PBXReferenceProxy;
			fileType = "compiled.mach-o.dylib";
			path = libaura.dylib;
			remoteRef = 67ADBD6C5125180FFCE98508 /* PBXContainerItemProxy */;
			sourceTree = BUILT_PRODUCTS_DIR;
		};
		03033590D49D471ED5E44644 /* aura_iosTests.xctest */ = {
			isa = PBXReferenceProxy;
			fileType = wrapper.cfbundle;
			path = aura_iosTests.xctest;
			remoteRef = FE0C2D84141ACEF254F4219B /* PBXContainerItemProxy */;
			sourceTree = BUILT_PRODUCTS_DIR;
		};
		66BE8654420E36EBC5111D2C /* libios_aura.a */ = {
			isa = PBXReferenceProxy;
			fileType = archive.ar;
			path = libios_aura.a;
			remoteRef = 09119FC9A058694757E0B621 /* PBXContainerItemProxy */;
			sourceTree = BUILT_PRODUCTS_DIR;
		};
/* End PBXReferenceProxy section */

/* Begin PBXShellScriptBuildPhase section */
		3FB3CF41E1FE3C89FA3BE624 /* ShellScript */ = {
			isa = PBXShellScriptBuildPhase;
			buildActionMask = 2147483647;
			files = (
			);
			inputFileListPaths = (
			);
			inputPaths = (
				"$(BUILT_PRODUCTS_DIR)/$(EXECUTABLE_NAME)",
				"$(WorkspaceDir)/output_copy.txt",
			);
			outputFileListPaths = (
			);
			outputPaths = (
				"$(WorkspaceDir)/time-$(PLATFORM_MODIFIER)/output-$(CONFIIGURATION)/$(EXECUTABLE_NAME)",
			);
			runOnlyForDeploymentPostprocessing = 0;
			shellPath = /bin/sh;
			shellScript = ". $HOME/code/operating_system/tool/bin/_on_after_build_dylib\n";
		};
/* End PBXShellScriptBuildPhase section */

/* Begin PBXSourcesBuildPhase section */
		E756B714EA479C1A0D8C647B /* Sources */ = {
			isa = PBXSourcesBuildPhase;
			buildActionMask = 2147483647;
			files = (
				C873003C3D1A73572B5C13C9 /* _.cpp in Sources */,
				692BBEFB560558D3B489C55C /* _factory.cpp in Sources */,
				BB501521DE9C1AA6170B34F9 /* fonts.cpp in Sources */,
				EBA9FC278494774601509E91 /* framework.cpp in Sources */,
				47BF76BCBB92994722B04C9B /* write_text.cpp in Sources */,
				082B3375A75F5A8EE04A44EB /* font_enumeration.mm in Sources */,
				FF889C57B8ADD362AAE81BA8 /* font_enumeration.cpp in Sources */,
			);
			runOnlyForDeploymentPostprocessing = 0;
		};
		31CD115E2975FC1BF4608A19 /* Sources */ = {
			isa = PBXSourcesBuildPhase;
			buildActionMask = 2147483647;
			files = (
				EDC2DBC0311B5CE0D54E66EA /* _.cpp in Sources */,
				515F9BAAD54411028CE4BB56 /* _factory.cpp in Sources */,
				744A88E2F1CDCC99307EB381 /* fonts.cpp in Sources */,
				992974C126AC48AF1814EE5B /* framework.cpp in Sources */,
				30A9B4CA1F161B7C5EA8E541 /* write_text.cpp in Sources */,
				42C504CA5D3872AB07852F6B /* font_enumeration.mm in Sources */,
				5490DF40AEED39D34B0288CF /* font_enumeration.cpp in Sources */,
			);
			runOnlyForDeploymentPostprocessing = 0;
		};
/* End PBXSourcesBuildPhase section */

/* Begin PBXTargetDependency section */
		CB3ADED4F2985B71B094BB29 /* PBXTargetDependency */ = {
			isa = PBXTargetDependency;
			name = aura;
			targetProxy = 84BD578E6B5362FC0C716473 /* PBXContainerItemProxy */;
		};
		006A8BCED17BEBACD9E12E00 /* PBXTargetDependency */ = {
			isa = PBXTargetDependency;
			name = ios_aura;
			targetProxy = 3DC88024E4E9C41908CD9648 /* PBXContainerItemProxy */;
		};
/* End PBXTargetDependency section */

/* Begin XCBuildConfiguration section */
		61085E8E422BC5F4ED6DDFB2 /* Debug */ = {
			isa = XCBuildConfiguration;
			baseConfigurationReference = 4C7B331FDF2720FBCB4F1ED3 /* _____debug.xcconfig */;
			buildSettings = {
				ALWAYS_SEARCH_USER_PATHS = NO;
				ASSETCATALOG_COMPILER_GENERATE_SWIFT_ASSET_SYMBOL_EXTENSIONS = YES;
				CLANG_ANALYZER_NONNULL = YES;
				CLANG_ANALYZER_NUMBER_OBJECT_CONVERSION = YES_AGGRESSIVE;
				CLANG_CXX_LANGUAGE_STANDARD = "c++20";
				CLANG_ENABLE_OBJC_ARC = YES;
				CLANG_ENABLE_OBJC_WEAK = YES;
				CLANG_WARN_BLOCK_CAPTURE_AUTORELEASING = YES;
				CLANG_WARN_BOOL_CONVERSION = YES;
				CLANG_WARN_COMMA = YES;
				CLANG_WARN_CONSTANT_CONVERSION = YES;
				CLANG_WARN_DEPRECATED_OBJC_IMPLEMENTATIONS = YES;
				CLANG_WARN_DIRECT_OBJC_ISA_USAGE = YES_ERROR;
				CLANG_WARN_DOCUMENTATION_COMMENTS = YES;
				CLANG_WARN_EMPTY_BODY = YES;
				CLANG_WARN_ENUM_CONVERSION = YES;
				CLANG_WARN_INFINITE_RECURSION = YES;
				CLANG_WARN_INT_CONVERSION = YES;
				CLANG_WARN_NON_LITERAL_NULL_CONVERSION = YES;
				CLANG_WARN_OBJC_IMPLICIT_RETAIN_SELF = YES;
				CLANG_WARN_OBJC_LITERAL_CONVERSION = YES;
				CLANG_WARN_OBJC_ROOT_CLASS = YES_ERROR;
				CLANG_WARN_QUOTED_INCLUDE_IN_FRAMEWORK_HEADER = YES;
				CLANG_WARN_RANGE_LOOP_ANALYSIS = YES;
				CLANG_WARN_SUSPICIOUS_MOVE = YES;
				CLANG_WARN_UNGUARDED_AVAILABILITY = YES_AGGRESSIVE;
				CLANG_WARN_UNREACHABLE_CODE = YES;
				CLANG_WARN__DUPLICATE_METHOD_MATCH = YES;
				COPY_PHASE_STRIP = NO;
				DEAD_CODE_STRIPPING = NO;
				DEBUG_INFORMATION_FORMAT = dwarf;
				ENABLE_STRICT_OBJC_MSGSEND = YES;
				ENABLE_TESTABILITY = YES;
				ENABLE_USER_SCRIPT_SANDBOXING = YES;
				EXECUTABLE_PREFIX = lib;
				GCC_C_LANGUAGE_STANDARD = c11;
				GCC_DYNAMIC_NO_PIC = NO;
				GCC_INCREASE_PRECOMPILED_HEADER_SHARING = NO;
				GCC_OPTIMIZATION_LEVEL = 0;
				GCC_PRECOMPILE_PREFIX_HEADER = YES;
				GCC_PREFIX_HEADER = framework.h;
				GCC_WARN_64_TO_32_BIT_CONVERSION = YES;
				GCC_WARN_ABOUT_RETURN_TYPE = YES_ERROR;
				GCC_WARN_UNDECLARED_SELECTOR = YES;
				GCC_WARN_UNINITIALIZED_AUTOS = YES_AGGRESSIVE;
				GCC_WARN_UNUSED_FUNCTION = YES;
				GCC_WARN_UNUSED_VARIABLE = YES;
				HEADER_SEARCH_PATHS = "";
				LD_RUNPATH_SEARCH_PATHS = "@executable_path @loader_path";
				LIBRARY_SEARCH_PATHS = (
					"$(inherited)",
					"$(WorkspaceDir)/../operating_system/storage-$(PLATFORM_MODIFIER)/$(CONFIGURATION)/library",
				);
				ONLY_ACTIVE_ARCH = YES;
				PRODUCT_NAME = "$(TARGET_NAME)";
				SKIP_INSTALL = YES;
				STRIP_INSTALLED_PRODUCT = NO;
				SYSTEM_HEADER_SEARCH_PATHS = (
					"$(WorkspaceDir)/operating_system/operating_system-$(PLATFORM_MODIFIER)/include",
					"$(WorkspaceDir)/operating_system/operating_system-$(PLATFORM_MODIFIER)/configuration",
					"$(WorkspaceDir)/port/include",
					"$(WorkspaceDir)/source/app/include",
				);
				USER_HEADER_SEARCH_PATHS = (
					.,
					"$(WorkspaceDir)/source",
					"$(WorkspaceDir)/source/app",
					"$(WorkspaceDir)/source/app/_include",
					"$(WorkspaceDir)/operating_system",
					"$(WorkspaceDir)/operating_system/operating_system-$(PLATFORM_MODIFIER)",
					"$(WorkspaceDir)/operating_system/operating_system-$(PLATFORM_MODIFIER)/configuration_selection/$(CONFIGURATION)",
					"$(WorkspaceDir)/port/_",
					"$(PROJECT_DIR)",
					"$(PROJECT_DIR)/..",
					"$(PROJECT_DIR)/../..",
					"$(HOME)/sensitive/sensitive/include",
				);
				USE_HEADERMAP = NO;
				WorkspaceDir = "$(SRCROOT)/../../..";
			};
			name = Debug;
		};
		6D6FBE152EAF60CDCAE56FE6 /* Release */ = {
			isa = XCBuildConfiguration;
			baseConfigurationReference = FB9643462886C7285DDFE92A /* _____release.xcconfig */;
			buildSettings = {
				ALWAYS_SEARCH_USER_PATHS = NO;
				ASSETCATALOG_COMPILER_GENERATE_SWIFT_ASSET_SYMBOL_EXTENSIONS = YES;
				CLANG_ANALYZER_NONNULL = YES;
				CLANG_ANALYZER_NUMBER_OBJECT_CONVERSION = YES_AGGRESSIVE;
				CLANG_CXX_LANGUAGE_STANDARD = "c++20";
				CLANG_ENABLE_OBJC_ARC = YES;
				CLANG_ENABLE_OBJC_WEAK = YES;
				CLANG_WARN_BLOCK_CAPTURE_AUTORELEASING = YES;
				CLANG_WARN_BOOL_CONVERSION = YES;
				CLANG_WARN_COMMA = YES;
				CLANG_WARN_CONSTANT_CONVERSION = YES;
				CLANG_WARN_DEPRECATED_OBJC_IMPLEMENTATIONS = YES;
				CLANG_WARN_DIRECT_OBJC_ISA_USAGE = YES_ERROR;
				CLANG_WARN_DOCUMENTATION_COMMENTS = YES;
				CLANG_WARN_EMPTY_BODY = YES;
				CLANG_WARN_ENUM_CONVERSION = YES;
				CLANG_WARN_INFINITE_RECURSION = YES;
				CLANG_WARN_INT_CONVERSION = YES;
				CLANG_WARN_NON_LITERAL_NULL_CONVERSION = YES;
				CLANG_WARN_OBJC_IMPLICIT_RETAIN_SELF = YES;
				CLANG_WARN_OBJC_LITERAL_CONVERSION = YES;
				CLANG_WARN_OBJC_ROOT_CLASS = YES_ERROR;
				CLANG_WARN_QUOTED_INCLUDE_IN_FRAMEWORK_HEADER = YES;
				CLANG_WARN_RANGE_LOOP_ANALYSIS = YES;
				CLANG_WARN_SUSPICIOUS_MOVE = YES;
				CLANG_WARN_UNGUARDED_AVAILABILITY = YES_AGGRESSIVE;
				CLANG_WARN_UNREACHABLE_CODE = YES;
				CLANG_WARN__DUPLICATE_METHOD_MATCH = YES;
				COPY_PHASE_STRIP = NO;
				DEAD_CODE_STRIPPING = NO;
				DEBUG_INFORMATION_FORMAT = "dwarf-with-dsym";
				ENABLE_HARDENED_RUNTIME = YES;
				ENABLE_NS_ASSERTIONS = NO;
				ENABLE_STRICT_OBJC_MSGSEND = YES;
				ENABLE_USER_SCRIPT_SANDBOXING = YES;
				EXECUTABLE_PREFIX = lib;
				GCC_C_LANGUAGE_STANDARD = c11;
				GCC_INCREASE_PRECOMPILED_HEADER_SHARING = NO;
				GCC_PRECOMPILE_PREFIX_HEADER = YES;
				GCC_PREFIX_HEADER = framework.h;
				GCC_WARN_64_TO_32_BIT_CONVERSION = YES;
				GCC_WARN_ABOUT_RETURN_TYPE = YES_ERROR;
				GCC_WARN_UNDECLARED_SELECTOR = YES;
				GCC_WARN_UNINITIALIZED_AUTOS = YES_AGGRESSIVE;
				GCC_WARN_UNUSED_FUNCTION = YES;
				GCC_WARN_UNUSED_VARIABLE = YES;
				HEADER_SEARCH_PATHS = "";
				LD_RUNPATH_SEARCH_PATHS = "@executable_path @loader_path";
				LIBRARY_SEARCH_PATHS = (
					"$(inherited)",
					"$(WorkspaceDir)/../operating_system/storage-$(PLATFORM_MODIFIER)/$(CONFIGURATION)/library",
				);
				PRODUCT_NAME = "$(TARGET_NAME)";
				SKIP_INSTALL = YES;
				STRIP_INSTALLED_PRODUCT = NO;
				SYSTEM_HEADER_SEARCH_PATHS = (
					"$(WorkspaceDir)/operating_system/operating_system-$(PLATFORM_MODIFIER)/include",
					"$(WorkspaceDir)/operating_system/operating_system-$(PLATFORM_MODIFIER)/configuration",
					"$(WorkspaceDir)/port/include",
					"$(WorkspaceDir)/source/app/include",
				);
				USER_HEADER_SEARCH_PATHS = (
					.,
					"$(WorkspaceDir)/source",
					"$(WorkspaceDir)/source/app",
					"$(WorkspaceDir)/source/app/_include",
					"$(WorkspaceDir)/operating_system",
					"$(WorkspaceDir)/operating_system/operating_system-$(PLATFORM_MODIFIER)",
					"$(WorkspaceDir)/operating_system/operating_system-$(PLATFORM_MODIFIER)/configuration_selection/$(CONFIGURATION)",
					"$(WorkspaceDir)/port/_",
					"$(PROJECT_DIR)",
					"$(PROJECT_DIR)/..",
					"$(PROJECT_DIR)/../..",
					"$(HOME)/sensitive/sensitive/include",
				);
				USE_HEADERMAP = NO;
				WorkspaceDir = "$(SRCROOT)/../../..";
			};
			name = Release;
		};
		D4E0027D26FC68C2215E55B6 /* Debug */ = {
			isa = XCBuildConfiguration;
			buildSettings = {
				ENABLE_HARDENED_RUNTIME = YES;
				EXECUTABLE_EXTENSION = dylib;
				MACH_O_TYPE = mh_dylib;
				PLATFORM_MODIFIER = macos;
				SDKROOT = macosx;
			};
			name = Debug;
		};
		4050833B2786FBC408181A5C /* Release */ = {
			isa = XCBuildConfiguration;
			buildSettings = {
				ENABLE_HARDENED_RUNTIME = YES;
				EXECUTABLE_EXTENSION = dylib;
				MACH_O_TYPE = mh_dylib;
				PLATFORM_MODIFIER = macos;
				SDKROOT = macosx;
			};
			name = Release;
		};
		1B60B87F61312DE6E10F0AD1 /* Debug */ = {
			isa = XCBuildConfiguration;
			buildSettings = {
				EXECUTABLE_EXTENSION = "$(STATIC_LIBRARY_EXTENSION:default=a)";
				EXECUTABLE_PREFIX = lib;
				MACH_O_TYPE = staticlib;
				PLATFORM_MODIFIER = ios;
				SDKROOT = iphoneos;
			};
			name = Debug;
		};
		6719E242BA9B0634F949CC0E /* Release */ = {
			isa = XCBuildConfiguration;
			buildSettings = {
				EXECUTABLE_EXTENSION = "$(STATIC_LIBRARY_EXTENSION:default=a)";
				EXECUTABLE_PREFIX = lib;
				MACH_O_TYPE = staticlib;
				PLATFORM_MODIFIER = ios;
				SDKROOT = iphoneos;
			};
			name = Release;
		};
/* End XCBuildConfiguration section */

/* Begin XCConfigurationList section */
		12CAAD2E6DF8D449950F0687 /* Build configuration list for PBXProject "write_text_quartz2d" */ = {
			isa = XCConfigurationList;
			buildConfigurations = (
				61085E8E422BC5F4ED6DDFB2 /* Debug */,
				6D6FBE152EAF60CDCAE56FE6 /* Release */,
			);
			defaultConfigurationIsVisible = 0;
			defaultConfigurationName = Release;
		};
		7621EE57FC634E5F1D746E50 /* Build configuration list for PBXNativeTarget "write_text_quartz2d" */ = {
			isa = XCConfigurationList;
			buildConfigurations = (
				D4E0027D26FC68C2215E55B6 /* Debug */,
				4050833B2786FBC408181A5C /* Release */,
			);
			defaultConfigurationIsVisible = 0;
			defaultConfigurationName = Release;
		};
		F47F9F35C825D32AB7F4AFFF /* Build configuration list for PBXNativeTarget "ios_write_text_quartz2d" */ = {
			isa = XCConfigurationList;
			buildConfigurations = (
				1B60B87F61312DE6E10F0AD1 /* Debug */,
				6719E242BA9B0634F949CC0E /* Release */,
			);
			defaultConfigurationIsVisible = 0;
			defaultConfigurationName = Release;
		};
/* End XCConfigurationList section */
	};
	rootObject = C440B524276C2EF1B991EEC6 /* Project object */;
}
